// !$*UTF8*$!
{
	archiveVersion = 1;
	classes = {
	};
	objectVersion = 56;
	objects = {

/* Begin PBXBuildFile section */
		C40391282C75BE9B00D50850 /* MyProfileResponse.swift in Sources */ = {isa = PBXBuildFile; fileRef = C40391272C75BE9B00D50850 /* MyProfileResponse.swift */; };
		C403912A2C75D4C200D50850 /* UserRouter.swift in Sources */ = {isa = PBXBuildFile; fileRef = C40391292C75D4C200D50850 /* UserRouter.swift */; };
		C403912D2C75D82300D50850 /* LessonOpenView.swift in Sources */ = {isa = PBXBuildFile; fileRef = C403912C2C75D82300D50850 /* LessonOpenView.swift */; };
		C403912F2C75D82D00D50850 /* LessonOpenViewController.swift in Sources */ = {isa = PBXBuildFile; fileRef = C403912E2C75D82D00D50850 /* LessonOpenViewController.swift */; };
		C40391312C7606E300D50850 /* UIButton+.swift in Sources */ = {isa = PBXBuildFile; fileRef = C40391302C7606E300D50850 /* UIButton+.swift */; };
		C40391372C76363000D50850 /* LessonOpenViewModel.swift in Sources */ = {isa = PBXBuildFile; fileRef = C40391362C76363000D50850 /* LessonOpenViewModel.swift */; };
		C40391592C76EA0000D50850 /* PostRouter.swift in Sources */ = {isa = PBXBuildFile; fileRef = C40391582C76EA0000D50850 /* PostRouter.swift */; };
		C403915E2C76EE9A00D50850 /* PostBody.swift in Sources */ = {isa = PBXBuildFile; fileRef = C403915D2C76EE9A00D50850 /* PostBody.swift */; };
		C40391622C77808100D50850 /* JoinBody.swift in Sources */ = {isa = PBXBuildFile; fileRef = C40391612C77808100D50850 /* JoinBody.swift */; };
		C40391652C77812200D50850 /* LoginBody.swift in Sources */ = {isa = PBXBuildFile; fileRef = C40391642C77812200D50850 /* LoginBody.swift */; };
		C40391672C77818E00D50850 /* EmailBody.swift in Sources */ = {isa = PBXBuildFile; fileRef = C40391662C77818E00D50850 /* EmailBody.swift */; };
		C403916A2C7784C700D50850 /* PostFilesBody.swift in Sources */ = {isa = PBXBuildFile; fileRef = C40391692C7784C700D50850 /* PostFilesBody.swift */; };
		C403916C2C77886900D50850 /* NetworkErrorCase.swift in Sources */ = {isa = PBXBuildFile; fileRef = C403916B2C77886900D50850 /* NetworkErrorCase.swift */; };
		C403916E2C7791A100D50850 /* APIRouter.swift in Sources */ = {isa = PBXBuildFile; fileRef = C403916D2C7791A100D50850 /* APIRouter.swift */; };
		C403917A2C7A010A00D50850 /* PostFilesResponse.swift in Sources */ = {isa = PBXBuildFile; fileRef = C40391792C7A010A00D50850 /* PostFilesResponse.swift */; };
		C403917C2C7B4F6E00D50850 /* PostQuery.swift in Sources */ = {isa = PBXBuildFile; fileRef = C403917B2C7B4F6E00D50850 /* PostQuery.swift */; };
		C403917F2C7B54B100D50850 /* Toast in Frameworks */ = {isa = PBXBuildFile; productRef = C403917E2C7B54B100D50850 /* Toast */; };
		C40391812C7B54FC00D50850 /* ToastManager.swift in Sources */ = {isa = PBXBuildFile; fileRef = C40391802C7B54FC00D50850 /* ToastManager.swift */; };
		C40391842C7B81F100D50850 /* Kingfisher in Frameworks */ = {isa = PBXBuildFile; productRef = C40391832C7B81F100D50850 /* Kingfisher */; };
		C46D05EC2C8DAFF1001EF943 /* PaymentsViewModel.swift in Sources */ = {isa = PBXBuildFile; fileRef = C46D05EB2C8DAFF1001EF943 /* PaymentsViewModel.swift */; };
		C46D05EE2C8DB7A8001EF943 /* MyPaymentsResponse.swift in Sources */ = {isa = PBXBuildFile; fileRef = C46D05ED2C8DB7A8001EF943 /* MyPaymentsResponse.swift */; };
		C4736B5F2CC3BFA0003AC697 /* CommunityView.swift in Sources */ = {isa = PBXBuildFile; fileRef = C4736B5E2CC3BFA0003AC697 /* CommunityView.swift */; };
		C4736B612CC3C5AA003AC697 /* CommunityViewModel.swift in Sources */ = {isa = PBXBuildFile; fileRef = C4736B602CC3C5AA003AC697 /* CommunityViewModel.swift */; };
		C4736B632CC3CDF8003AC697 /* CommunityCollectionViewCell.swift in Sources */ = {isa = PBXBuildFile; fileRef = C4736B622CC3CDF8003AC697 /* CommunityCollectionViewCell.swift */; };
		C4736B662CC51612003AC697 /* CommunityPostView.swift in Sources */ = {isa = PBXBuildFile; fileRef = C4736B652CC51612003AC697 /* CommunityPostView.swift */; };
		C4736B692CC51640003AC697 /* CommunityDetailView.swift in Sources */ = {isa = PBXBuildFile; fileRef = C4736B682CC51640003AC697 /* CommunityDetailView.swift */; };
		C4736B6B2CC5165C003AC697 /* CommunityDetailViewController.swift in Sources */ = {isa = PBXBuildFile; fileRef = C4736B6A2CC5165C003AC697 /* CommunityDetailViewController.swift */; };
		C4736B6D2CC5168F003AC697 /* CommunityPostViewController.swift in Sources */ = {isa = PBXBuildFile; fileRef = C4736B6C2CC5168F003AC697 /* CommunityPostViewController.swift */; };
		C477A29C2CCD1C9C006B8DB6 /* CommunityDetailViewModel.swift in Sources */ = {isa = PBXBuildFile; fileRef = C477A29B2CCD1C9C006B8DB6 /* CommunityDetailViewModel.swift */; };
		C48062AB2C6DD4BE003FF7EE /* AppDelegate.swift in Sources */ = {isa = PBXBuildFile; fileRef = C48062AA2C6DD4BE003FF7EE /* AppDelegate.swift */; };
		C48062AD2C6DD4BE003FF7EE /* SceneDelegate.swift in Sources */ = {isa = PBXBuildFile; fileRef = C48062AC2C6DD4BE003FF7EE /* SceneDelegate.swift */; };
		C48062B42C6DD4BF003FF7EE /* Assets.xcassets in Resources */ = {isa = PBXBuildFile; fileRef = C48062B32C6DD4BF003FF7EE /* Assets.xcassets */; };
		C48062B72C6DD4BF003FF7EE /* Base in Resources */ = {isa = PBXBuildFile; fileRef = C48062B62C6DD4BF003FF7EE /* Base */; };
		C48062BF2C6DD4FA003FF7EE /* .gitignore in Resources */ = {isa = PBXBuildFile; fileRef = C48062BE2C6DD4FA003FF7EE /* .gitignore */; };
		C48062C12C6DD521003FF7EE /* API.swift in Sources */ = {isa = PBXBuildFile; fileRef = C48062C02C6DD521003FF7EE /* API.swift */; };
		C48062CB2C6F0FFC003FF7EE /* OnboardingView.swift in Sources */ = {isa = PBXBuildFile; fileRef = C48062CA2C6F0FFC003FF7EE /* OnboardingView.swift */; };
		C48062CD2C6F1029003FF7EE /* OnboardingViewController.swift in Sources */ = {isa = PBXBuildFile; fileRef = C48062CC2C6F1029003FF7EE /* OnboardingViewController.swift */; };
		C48062D12C6F10C5003FF7EE /* BaseViewController.swift in Sources */ = {isa = PBXBuildFile; fileRef = C48062D02C6F10C5003FF7EE /* BaseViewController.swift */; };
		C48062D72C6F10FE003FF7EE /* UIView+.swift in Sources */ = {isa = PBXBuildFile; fileRef = C48062D62C6F10FE003FF7EE /* UIView+.swift */; };
		C48062D92C6F11AD003FF7EE /* Reusable.swift in Sources */ = {isa = PBXBuildFile; fileRef = C48062D82C6F11AD003FF7EE /* Reusable.swift */; };
		C48062DC2C6F1282003FF7EE /* SnapKit in Frameworks */ = {isa = PBXBuildFile; productRef = C48062DB2C6F1282003FF7EE /* SnapKit */; };
		C48062DE2C6F12D0003FF7EE /* BaseView.swift in Sources */ = {isa = PBXBuildFile; fileRef = C48062DD2C6F12D0003FF7EE /* BaseView.swift */; };
		C48062E42C6F13C0003FF7EE /* Constant.swift in Sources */ = {isa = PBXBuildFile; fileRef = C48062E32C6F13C0003FF7EE /* Constant.swift */; };
		C48062E72C6F13CB003FF7EE /* Resource.swift in Sources */ = {isa = PBXBuildFile; fileRef = C48062E62C6F13CB003FF7EE /* Resource.swift */; };
		C48062E92C6F14F4003FF7EE /* UIColor+.swift in Sources */ = {isa = PBXBuildFile; fileRef = C48062E82C6F14F4003FF7EE /* UIColor+.swift */; };
		C48062F42C6F178B003FF7EE /* Pretendard-Light.otf in Resources */ = {isa = PBXBuildFile; fileRef = C48062EB2C6F178B003FF7EE /* Pretendard-Light.otf */; };
		C48062F52C6F178B003FF7EE /* Pretendard-SemiBold.otf in Resources */ = {isa = PBXBuildFile; fileRef = C48062EC2C6F178B003FF7EE /* Pretendard-SemiBold.otf */; };
		C48062F62C6F178B003FF7EE /* Pretendard-Thin.otf in Resources */ = {isa = PBXBuildFile; fileRef = C48062ED2C6F178B003FF7EE /* Pretendard-Thin.otf */; };
		C48062F72C6F178B003FF7EE /* Pretendard-Bold.otf in Resources */ = {isa = PBXBuildFile; fileRef = C48062EE2C6F178B003FF7EE /* Pretendard-Bold.otf */; };
		C48062F82C6F178B003FF7EE /* Pretendard-Black.otf in Resources */ = {isa = PBXBuildFile; fileRef = C48062EF2C6F178B003FF7EE /* Pretendard-Black.otf */; };
		C48062F92C6F178B003FF7EE /* Pretendard-ExtraLight.otf in Resources */ = {isa = PBXBuildFile; fileRef = C48062F02C6F178B003FF7EE /* Pretendard-ExtraLight.otf */; };
		C48062FA2C6F178B003FF7EE /* Pretendard-Regular.otf in Resources */ = {isa = PBXBuildFile; fileRef = C48062F12C6F178B003FF7EE /* Pretendard-Regular.otf */; };
		C48062FB2C6F178B003FF7EE /* Pretendard-Medium.otf in Resources */ = {isa = PBXBuildFile; fileRef = C48062F22C6F178B003FF7EE /* Pretendard-Medium.otf */; };
		C48062FC2C6F178B003FF7EE /* Pretendard-ExtraBold.otf in Resources */ = {isa = PBXBuildFile; fileRef = C48062F32C6F178B003FF7EE /* Pretendard-ExtraBold.otf */; };
		C48062FE2C6F1D25003FF7EE /* UIImage+.swift in Sources */ = {isa = PBXBuildFile; fileRef = C48062FD2C6F1D25003FF7EE /* UIImage+.swift */; };
		C48063012C6F1FCF003FF7EE /* OnboardingTypeButton.swift in Sources */ = {isa = PBXBuildFile; fileRef = C48063002C6F1FCE003FF7EE /* OnboardingTypeButton.swift */; };
		C48063032C6F23DD003FF7EE /* CommonLabel.swift in Sources */ = {isa = PBXBuildFile; fileRef = C48063022C6F23DD003FF7EE /* CommonLabel.swift */; };
		C48063062C6F286E003FF7EE /* RxCocoa in Frameworks */ = {isa = PBXBuildFile; productRef = C48063052C6F286E003FF7EE /* RxCocoa */; };
		C48063082C6F286E003FF7EE /* RxSwift in Frameworks */ = {isa = PBXBuildFile; productRef = C48063072C6F286E003FF7EE /* RxSwift */; };
		C480630A2C6F2976003FF7EE /* ViewModelType.swift in Sources */ = {isa = PBXBuildFile; fileRef = C48063092C6F2976003FF7EE /* ViewModelType.swift */; };
		C480630C2C6F29BA003FF7EE /* OnboardingViewModel.swift in Sources */ = {isa = PBXBuildFile; fileRef = C480630B2C6F29BA003FF7EE /* OnboardingViewModel.swift */; };
		C480630F2C6F2B23003FF7EE /* LoginViewController.swift in Sources */ = {isa = PBXBuildFile; fileRef = C480630E2C6F2B23003FF7EE /* LoginViewController.swift */; };
		C48063112C6F2B7E003FF7EE /* CommonButton.swift in Sources */ = {isa = PBXBuildFile; fileRef = C48063102C6F2B7E003FF7EE /* CommonButton.swift */; };
		C48063152C6F2C3F003FF7EE /* StudentJoinViewController.swift in Sources */ = {isa = PBXBuildFile; fileRef = C48063142C6F2C3F003FF7EE /* StudentJoinViewController.swift */; };
		C48063172C6F2C4E003FF7EE /* StudentJoinView.swift in Sources */ = {isa = PBXBuildFile; fileRef = C48063162C6F2C4E003FF7EE /* StudentJoinView.swift */; };
		C480631A2C6F2CDF003FF7EE /* TextFieldEffects in Frameworks */ = {isa = PBXBuildFile; productRef = C48063192C6F2CDF003FF7EE /* TextFieldEffects */; };
		C480631E2C6F3013003FF7EE /* JoinTextField.swift in Sources */ = {isa = PBXBuildFile; fileRef = C480631D2C6F3013003FF7EE /* JoinTextField.swift */; };
		C48063212C6F5597003FF7EE /* JoinLabel.swift in Sources */ = {isa = PBXBuildFile; fileRef = C48063202C6F5597003FF7EE /* JoinLabel.swift */; };
		C48063242C6F55ED003FF7EE /* JoinCase.swift in Sources */ = {isa = PBXBuildFile; fileRef = C48063232C6F55ED003FF7EE /* JoinCase.swift */; };
		C48063262C6F596F003FF7EE /* TeacherJoinView.swift in Sources */ = {isa = PBXBuildFile; fileRef = C48063252C6F596F003FF7EE /* TeacherJoinView.swift */; };
		C48063292C6F5B35003FF7EE /* ValidationManager.swift in Sources */ = {isa = PBXBuildFile; fileRef = C48063282C6F5B35003FF7EE /* ValidationManager.swift */; };
		C480632B2C6F5BA4003FF7EE /* StudentJoinViewModel.swift in Sources */ = {isa = PBXBuildFile; fileRef = C480632A2C6F5BA4003FF7EE /* StudentJoinViewModel.swift */; };
		C480632D2C6F657C003FF7EE /* NetworkManager.swift in Sources */ = {isa = PBXBuildFile; fileRef = C480632C2C6F657C003FF7EE /* NetworkManager.swift */; };
		C48063322C6F6AE7003FF7EE /* TargetType.swift in Sources */ = {isa = PBXBuildFile; fileRef = C48063312C6F6AE7003FF7EE /* TargetType.swift */; };
		C48063352C6F6B79003FF7EE /* Alamofire in Frameworks */ = {isa = PBXBuildFile; productRef = C48063342C6F6B79003FF7EE /* Alamofire */; };
		C48063392C6F7954003FF7EE /* EmailResponse.swift in Sources */ = {isa = PBXBuildFile; fileRef = C48063382C6F7954003FF7EE /* EmailResponse.swift */; };
		C48063402C6F8E11003FF7EE /* TeacherJoinViewController.swift in Sources */ = {isa = PBXBuildFile; fileRef = C480633F2C6F8E11003FF7EE /* TeacherJoinViewController.swift */; };
		C48063422C6F8EE2003FF7EE /* TeacherJoinViewModel.swift in Sources */ = {isa = PBXBuildFile; fileRef = C48063412C6F8EE2003FF7EE /* TeacherJoinViewModel.swift */; };
		C48063442C6F9078003FF7EE /* LoginView.swift in Sources */ = {isa = PBXBuildFile; fileRef = C48063432C6F9078003FF7EE /* LoginView.swift */; };
		C494478E2C70B4EF005AADF7 /* JoinResponse.swift in Sources */ = {isa = PBXBuildFile; fileRef = C494478D2C70B4EF005AADF7 /* JoinResponse.swift */; };
		C49447902C70B5EF005AADF7 /* UserDefaultsManager.swift in Sources */ = {isa = PBXBuildFile; fileRef = C494478F2C70B5EF005AADF7 /* UserDefaultsManager.swift */; };
		C49447922C70BB02005AADF7 /* HomeViewController.swift in Sources */ = {isa = PBXBuildFile; fileRef = C49447912C70BB02005AADF7 /* HomeViewController.swift */; };
		C49447942C70CE62005AADF7 /* LoginViewModel.swift in Sources */ = {isa = PBXBuildFile; fileRef = C49447932C70CE62005AADF7 /* LoginViewModel.swift */; };
		C49447962C70D6C4005AADF7 /* LoginResponse.swift in Sources */ = {isa = PBXBuildFile; fileRef = C49447952C70D6C4005AADF7 /* LoginResponse.swift */; };
		C494479B2C70E846005AADF7 /* UIViewController+.swift in Sources */ = {isa = PBXBuildFile; fileRef = C494479A2C70E846005AADF7 /* UIViewController+.swift */; };
		C494479D2C70E8BE005AADF7 /* BarButtonCase.swift in Sources */ = {isa = PBXBuildFile; fileRef = C494479C2C70E8BE005AADF7 /* BarButtonCase.swift */; };
		C49447A02C70EDC9005AADF7 /* CustomTabBarController.swift in Sources */ = {isa = PBXBuildFile; fileRef = C494479F2C70EDC9005AADF7 /* CustomTabBarController.swift */; };
		C49447A32C70F2FE005AADF7 /* LessonViewController.swift in Sources */ = {isa = PBXBuildFile; fileRef = C49447A22C70F2FE005AADF7 /* LessonViewController.swift */; };
		C49447A62C70F3B3005AADF7 /* HashTagViewController.swift in Sources */ = {isa = PBXBuildFile; fileRef = C49447A52C70F3B3005AADF7 /* HashTagViewController.swift */; };
		C49447A92C70F4C7005AADF7 /* CommunityViewController.swift in Sources */ = {isa = PBXBuildFile; fileRef = C49447A82C70F4C7005AADF7 /* CommunityViewController.swift */; };
		C49447AC2C70F593005AADF7 /* MyPageViewController.swift in Sources */ = {isa = PBXBuildFile; fileRef = C49447AB2C70F593005AADF7 /* MyPageViewController.swift */; };
		C49447AF2C7206B5005AADF7 /* RefreshTokenResponse.swift in Sources */ = {isa = PBXBuildFile; fileRef = C49447AE2C7206B5005AADF7 /* RefreshTokenResponse.swift */; };
		C49447B12C720972005AADF7 /* NavigationManager.swift in Sources */ = {isa = PBXBuildFile; fileRef = C49447B02C720972005AADF7 /* NavigationManager.swift */; };
		C49447B32C720F77005AADF7 /* LoginViewCase.swift in Sources */ = {isa = PBXBuildFile; fileRef = C49447B22C720F77005AADF7 /* LoginViewCase.swift */; };
		C49447B52C722BD0005AADF7 /* HomeView.swift in Sources */ = {isa = PBXBuildFile; fileRef = C49447B42C722BD0005AADF7 /* HomeView.swift */; };
		C49447BC2C723A6C005AADF7 /* HomeLessonCollectionViewCell.swift in Sources */ = {isa = PBXBuildFile; fileRef = C49447BB2C723A6C005AADF7 /* HomeLessonCollectionViewCell.swift */; };
		C49447BE2C723A7E005AADF7 /* BaseCollectionViewCell.swift in Sources */ = {isa = PBXBuildFile; fileRef = C49447BD2C723A7E005AADF7 /* BaseCollectionViewCell.swift */; };
		C49447C32C7249AA005AADF7 /* HomeMenuCollectionViewCell.swift in Sources */ = {isa = PBXBuildFile; fileRef = C49447C22C7249AA005AADF7 /* HomeMenuCollectionViewCell.swift */; };
		C49447CF2C732A19005AADF7 /* LessonView.swift in Sources */ = {isa = PBXBuildFile; fileRef = C49447CE2C732A19005AADF7 /* LessonView.swift */; };
		C49447D12C732EC0005AADF7 /* LessonCollectionViewCell.swift in Sources */ = {isa = PBXBuildFile; fileRef = C49447D02C732EC0005AADF7 /* LessonCollectionViewCell.swift */; };
		C49447D32C7334A0005AADF7 /* PostResponse.swift in Sources */ = {isa = PBXBuildFile; fileRef = C49447D22C7334A0005AADF7 /* PostResponse.swift */; };
		C49447D52C7366EB005AADF7 /* MyPageView.swift in Sources */ = {isa = PBXBuildFile; fileRef = C49447D42C7366EB005AADF7 /* MyPageView.swift */; };
		C49447D72C7367FB005AADF7 /* UserTypeButton.swift in Sources */ = {isa = PBXBuildFile; fileRef = C49447D62C7367FB005AADF7 /* UserTypeButton.swift */; };
		C49447DA2C736BC3005AADF7 /* MyPageMenuButton.swift in Sources */ = {isa = PBXBuildFile; fileRef = C49447D92C736BC3005AADF7 /* MyPageMenuButton.swift */; };
		C49447DE2C738085005AADF7 /* WithDrawResponse.swift in Sources */ = {isa = PBXBuildFile; fileRef = C49447DD2C738085005AADF7 /* WithDrawResponse.swift */; };
		C49447E02C7380E9005AADF7 /* MyPageViewModel.swift in Sources */ = {isa = PBXBuildFile; fileRef = C49447DF2C7380E9005AADF7 /* MyPageViewModel.swift */; };
		C49447E22C7443E7005AADF7 /* HomeViewModel.swift in Sources */ = {isa = PBXBuildFile; fileRef = C49447E12C7443E7005AADF7 /* HomeViewModel.swift */; };
		C49447E42C7448C5005AADF7 /* LessonViewModel.swift in Sources */ = {isa = PBXBuildFile; fileRef = C49447E32C7448C5005AADF7 /* LessonViewModel.swift */; };
		C49447E72C74AA9A005AADF7 /* PostDummy.swift in Sources */ = {isa = PBXBuildFile; fileRef = C49447E62C74AA9A005AADF7 /* PostDummy.swift */; };
		C49447E92C74DBE3005AADF7 /* LessonDetailView.swift in Sources */ = {isa = PBXBuildFile; fileRef = C49447E82C74DBE3005AADF7 /* LessonDetailView.swift */; };
		C49447EC2C74DBF8005AADF7 /* LessonDetailViewModel.swift in Sources */ = {isa = PBXBuildFile; fileRef = C49447EB2C74DBF8005AADF7 /* LessonDetailViewModel.swift */; };
		C49447EE2C74DBFE005AADF7 /* LessonDetailViewController.swift in Sources */ = {isa = PBXBuildFile; fileRef = C49447ED2C74DBFE005AADF7 /* LessonDetailViewController.swift */; };
		C4DC8DF12C7C994B0007FE12 /* ReservationBookmarkBody.swift in Sources */ = {isa = PBXBuildFile; fileRef = C4DC8DF02C7C994B0007FE12 /* ReservationBookmarkBody.swift */; };
		C4DC8DF32C7C9C340007FE12 /* ReservationResponse.swift in Sources */ = {isa = PBXBuildFile; fileRef = C4DC8DF22C7C9C340007FE12 /* ReservationResponse.swift */; };
		C4DC8DF52C7CD0750007FE12 /* HomeMenuCase.swift in Sources */ = {isa = PBXBuildFile; fileRef = C4DC8DF42C7CD0750007FE12 /* HomeMenuCase.swift */; };
		C4DC8E132C7DF1C10007FE12 /* LessonCommentView.swift in Sources */ = {isa = PBXBuildFile; fileRef = C4DC8E122C7DF1C10007FE12 /* LessonCommentView.swift */; };
		C4DC8E152C7DF1FA0007FE12 /* LessonDetailInfoView.swift in Sources */ = {isa = PBXBuildFile; fileRef = C4DC8E142C7DF1F90007FE12 /* LessonDetailInfoView.swift */; };
		C4DC8E182C7E00370007FE12 /* LessonCommentFieldView.swift in Sources */ = {isa = PBXBuildFile; fileRef = C4DC8E172C7E00370007FE12 /* LessonCommentFieldView.swift */; };
		C4DC8E1A2C7E043B0007FE12 /* PostCommentBody.swift in Sources */ = {isa = PBXBuildFile; fileRef = C4DC8E192C7E043B0007FE12 /* PostCommentBody.swift */; };
		C4DC8E1C2C7E07C50007FE12 /* CommentResponse.swift in Sources */ = {isa = PBXBuildFile; fileRef = C4DC8E1B2C7E07C50007FE12 /* CommentResponse.swift */; };
		C4DC8E1E2C7E22A60007FE12 /* LessonCommentCollectionViewCell.swift in Sources */ = {isa = PBXBuildFile; fileRef = C4DC8E1D2C7E22A60007FE12 /* LessonCommentCollectionViewCell.swift */; };
		C4DC8E382C8058F50007FE12 /* MyReservationViewController.swift in Sources */ = {isa = PBXBuildFile; fileRef = C4DC8E372C8058F50007FE12 /* MyReservationViewController.swift */; };
		C4DC8E3A2C8058FD0007FE12 /* MyReservationBookmarkView.swift in Sources */ = {isa = PBXBuildFile; fileRef = C4DC8E392C8058FD0007FE12 /* MyReservationBookmarkView.swift */; };
		C4DC8E3C2C8059040007FE12 /* MyReservationViewModel.swift in Sources */ = {isa = PBXBuildFile; fileRef = C4DC8E3B2C8059040007FE12 /* MyReservationViewModel.swift */; };
		C4DC8E412C805B260007FE12 /* MyBookmarkViewController.swift in Sources */ = {isa = PBXBuildFile; fileRef = C4DC8E402C805B260007FE12 /* MyBookmarkViewController.swift */; };
		C4DC8E432C805B470007FE12 /* MyBookmarkViewModel.swift in Sources */ = {isa = PBXBuildFile; fileRef = C4DC8E422C805B470007FE12 /* MyBookmarkViewModel.swift */; };
		C4DC8E462C805BFC0007FE12 /* MyCommentView.swift in Sources */ = {isa = PBXBuildFile; fileRef = C4DC8E452C805BFC0007FE12 /* MyCommentView.swift */; };
		C4DC8E482C805C070007FE12 /* MyCommentViewController.swift in Sources */ = {isa = PBXBuildFile; fileRef = C4DC8E472C805C070007FE12 /* MyCommentViewController.swift */; };
		C4DC8E4A2C805C0E0007FE12 /* MyCommentViewModel.swift in Sources */ = {isa = PBXBuildFile; fileRef = C4DC8E492C805C0E0007FE12 /* MyCommentViewModel.swift */; };
		C4DC8E4D2C80B8AA0007FE12 /* MyLessonView.swift in Sources */ = {isa = PBXBuildFile; fileRef = C4DC8E4C2C80B8AA0007FE12 /* MyLessonView.swift */; };
		C4DC8E4F2C80B8B10007FE12 /* MyLessonViewController.swift in Sources */ = {isa = PBXBuildFile; fileRef = C4DC8E4E2C80B8B10007FE12 /* MyLessonViewController.swift */; };
		C4DC8E512C80B8B70007FE12 /* MyLessonViewModel.swift in Sources */ = {isa = PBXBuildFile; fileRef = C4DC8E502C80B8B70007FE12 /* MyLessonViewModel.swift */; };
		C4DC8E562C80C1FB0007FE12 /* LessonEditViewController.swift in Sources */ = {isa = PBXBuildFile; fileRef = C4DC8E552C80C1FB0007FE12 /* LessonEditViewController.swift */; };
		C4DC8E582C80C2020007FE12 /* LessonEditViewModel.swift in Sources */ = {isa = PBXBuildFile; fileRef = C4DC8E572C80C2020007FE12 /* LessonEditViewModel.swift */; };
		C4DC8E5B2C81B3E20007FE12 /* UserProfileResponse.swift in Sources */ = {isa = PBXBuildFile; fileRef = C4DC8E5A2C81B3E20007FE12 /* UserProfileResponse.swift */; };
		C4DC8E5E2C81B61F0007FE12 /* UserProfileView.swift in Sources */ = {isa = PBXBuildFile; fileRef = C4DC8E5D2C81B61F0007FE12 /* UserProfileView.swift */; };
		C4DC8E602C81B6270007FE12 /* UserProfileViewController.swift in Sources */ = {isa = PBXBuildFile; fileRef = C4DC8E5F2C81B6270007FE12 /* UserProfileViewController.swift */; };
		C4DC8E622C81BA0E0007FE12 /* UserProfileViewModel.swift in Sources */ = {isa = PBXBuildFile; fileRef = C4DC8E612C81BA0E0007FE12 /* UserProfileViewModel.swift */; };
		C4DC8E642C81C1790007FE12 /* HashTagView.swift in Sources */ = {isa = PBXBuildFile; fileRef = C4DC8E632C81C1790007FE12 /* HashTagView.swift */; };
		C4DC8E662C81C1970007FE12 /* HashTagViewModel.swift in Sources */ = {isa = PBXBuildFile; fileRef = C4DC8E652C81C1970007FE12 /* HashTagViewModel.swift */; };
		C4DC8E682C81CF8D0007FE12 /* HashTagQuery.swift in Sources */ = {isa = PBXBuildFile; fileRef = C4DC8E672C81CF8D0007FE12 /* HashTagQuery.swift */; };
		C4DC8E6A2C81F9C50007FE12 /* HashTagCollectionViewCell.swift in Sources */ = {isa = PBXBuildFile; fileRef = C4DC8E692C81F9C50007FE12 /* HashTagCollectionViewCell.swift */; };
		C4DC8E712C821FEF0007FE12 /* HashTagResultViewController.swift in Sources */ = {isa = PBXBuildFile; fileRef = C4DC8E702C821FEF0007FE12 /* HashTagResultViewController.swift */; };
		C4DC8E732C8220140007FE12 /* HashTagResultViewModel.swift in Sources */ = {isa = PBXBuildFile; fileRef = C4DC8E722C8220140007FE12 /* HashTagResultViewModel.swift */; };
		C4DC8E762C8221860007FE12 /* Tabman in Frameworks */ = {isa = PBXBuildFile; productRef = C4DC8E752C8221860007FE12 /* Tabman */; };
		C4DC8E7A2C832D530007FE12 /* HashTagResultLessonViewController.swift in Sources */ = {isa = PBXBuildFile; fileRef = C4DC8E792C832D530007FE12 /* HashTagResultLessonViewController.swift */; };
		C4DC8E7C2C832D6A0007FE12 /* HashTagResultCommunityViewController.swift in Sources */ = {isa = PBXBuildFile; fileRef = C4DC8E7B2C832D6A0007FE12 /* HashTagResultCommunityViewController.swift */; };
		C4DC8E7E2C8361EB0007FE12 /* PayRouter.swift in Sources */ = {isa = PBXBuildFile; fileRef = C4DC8E7D2C8361EB0007FE12 /* PayRouter.swift */; };
		C4DC8E812C8363CD0007FE12 /* PayValidationBody.swift in Sources */ = {isa = PBXBuildFile; fileRef = C4DC8E802C8363CD0007FE12 /* PayValidationBody.swift */; };
		C4DC8E842C836B020007FE12 /* iamport-ios in Frameworks */ = {isa = PBXBuildFile; productRef = C4DC8E832C836B020007FE12 /* iamport-ios */; };
		C4DC8E8E2C8381320007FE12 /* PaymentsViewController.swift in Sources */ = {isa = PBXBuildFile; fileRef = C4DC8E8D2C8381320007FE12 /* PaymentsViewController.swift */; };
		C4DC8ECF2C86CA0B0007FE12 /* PayValidationResponse.swift in Sources */ = {isa = PBXBuildFile; fileRef = C4DC8ECE2C86CA0B0007FE12 /* PayValidationResponse.swift */; };
/* End PBXBuildFile section */

/* Begin PBXFileReference section */
		C40391272C75BE9B00D50850 /* MyProfileResponse.swift */ = {isa = PBXFileReference; lastKnownFileType = sourcecode.swift; path = MyProfileResponse.swift; sourceTree = "<group>"; };
		C40391292C75D4C200D50850 /* UserRouter.swift */ = {isa = PBXFileReference; lastKnownFileType = sourcecode.swift; path = UserRouter.swift; sourceTree = "<group>"; };
		C403912C2C75D82300D50850 /* LessonOpenView.swift */ = {isa = PBXFileReference; lastKnownFileType = sourcecode.swift; path = LessonOpenView.swift; sourceTree = "<group>"; };
		C403912E2C75D82D00D50850 /* LessonOpenViewController.swift */ = {isa = PBXFileReference; lastKnownFileType = sourcecode.swift; path = LessonOpenViewController.swift; sourceTree = "<group>"; };
		C40391302C7606E300D50850 /* UIButton+.swift */ = {isa = PBXFileReference; lastKnownFileType = sourcecode.swift; path = "UIButton+.swift"; sourceTree = "<group>"; };
		C40391362C76363000D50850 /* LessonOpenViewModel.swift */ = {isa = PBXFileReference; lastKnownFileType = sourcecode.swift; path = LessonOpenViewModel.swift; sourceTree = "<group>"; };
		C40391582C76EA0000D50850 /* PostRouter.swift */ = {isa = PBXFileReference; lastKnownFileType = sourcecode.swift; path = PostRouter.swift; sourceTree = "<group>"; };
		C403915D2C76EE9A00D50850 /* PostBody.swift */ = {isa = PBXFileReference; lastKnownFileType = sourcecode.swift; path = PostBody.swift; sourceTree = "<group>"; };
		C40391612C77808100D50850 /* JoinBody.swift */ = {isa = PBXFileReference; lastKnownFileType = sourcecode.swift; path = JoinBody.swift; sourceTree = "<group>"; };
		C40391642C77812200D50850 /* LoginBody.swift */ = {isa = PBXFileReference; lastKnownFileType = sourcecode.swift; path = LoginBody.swift; sourceTree = "<group>"; };
		C40391662C77818E00D50850 /* EmailBody.swift */ = {isa = PBXFileReference; lastKnownFileType = sourcecode.swift; path = EmailBody.swift; sourceTree = "<group>"; };
		C40391692C7784C700D50850 /* PostFilesBody.swift */ = {isa = PBXFileReference; lastKnownFileType = sourcecode.swift; path = PostFilesBody.swift; sourceTree = "<group>"; };
		C403916B2C77886900D50850 /* NetworkErrorCase.swift */ = {isa = PBXFileReference; lastKnownFileType = sourcecode.swift; path = NetworkErrorCase.swift; sourceTree = "<group>"; };
		C403916D2C7791A100D50850 /* APIRouter.swift */ = {isa = PBXFileReference; lastKnownFileType = sourcecode.swift; path = APIRouter.swift; sourceTree = "<group>"; };
		C40391792C7A010A00D50850 /* PostFilesResponse.swift */ = {isa = PBXFileReference; lastKnownFileType = sourcecode.swift; path = PostFilesResponse.swift; sourceTree = "<group>"; };
		C403917B2C7B4F6E00D50850 /* PostQuery.swift */ = {isa = PBXFileReference; lastKnownFileType = sourcecode.swift; path = PostQuery.swift; sourceTree = "<group>"; };
		C40391802C7B54FC00D50850 /* ToastManager.swift */ = {isa = PBXFileReference; lastKnownFileType = sourcecode.swift; path = ToastManager.swift; sourceTree = "<group>"; };
		C46D05EB2C8DAFF1001EF943 /* PaymentsViewModel.swift */ = {isa = PBXFileReference; lastKnownFileType = sourcecode.swift; path = PaymentsViewModel.swift; sourceTree = "<group>"; };
		C46D05ED2C8DB7A8001EF943 /* MyPaymentsResponse.swift */ = {isa = PBXFileReference; lastKnownFileType = sourcecode.swift; path = MyPaymentsResponse.swift; sourceTree = "<group>"; };
		C4736B5E2CC3BFA0003AC697 /* CommunityView.swift */ = {isa = PBXFileReference; lastKnownFileType = sourcecode.swift; path = CommunityView.swift; sourceTree = "<group>"; };
		C4736B602CC3C5AA003AC697 /* CommunityViewModel.swift */ = {isa = PBXFileReference; lastKnownFileType = sourcecode.swift; path = CommunityViewModel.swift; sourceTree = "<group>"; };
		C4736B622CC3CDF8003AC697 /* CommunityCollectionViewCell.swift */ = {isa = PBXFileReference; lastKnownFileType = sourcecode.swift; path = CommunityCollectionViewCell.swift; sourceTree = "<group>"; };
		C4736B652CC51612003AC697 /* CommunityPostView.swift */ = {isa = PBXFileReference; lastKnownFileType = sourcecode.swift; path = CommunityPostView.swift; sourceTree = "<group>"; };
		C4736B682CC51640003AC697 /* CommunityDetailView.swift */ = {isa = PBXFileReference; lastKnownFileType = sourcecode.swift; path = CommunityDetailView.swift; sourceTree = "<group>"; };
		C4736B6A2CC5165C003AC697 /* CommunityDetailViewController.swift */ = {isa = PBXFileReference; lastKnownFileType = sourcecode.swift; path = CommunityDetailViewController.swift; sourceTree = "<group>"; };
		C4736B6C2CC5168F003AC697 /* CommunityPostViewController.swift */ = {isa = PBXFileReference; lastKnownFileType = sourcecode.swift; path = CommunityPostViewController.swift; sourceTree = "<group>"; };
		C477A29B2CCD1C9C006B8DB6 /* CommunityDetailViewModel.swift */ = {isa = PBXFileReference; lastKnownFileType = sourcecode.swift; path = CommunityDetailViewModel.swift; sourceTree = "<group>"; };
		C48062A72C6DD4BE003FF7EE /* all-for-lesson.app */ = {isa = PBXFileReference; explicitFileType = wrapper.application; includeInIndex = 0; path = "all-for-lesson.app"; sourceTree = BUILT_PRODUCTS_DIR; };
		C48062AA2C6DD4BE003FF7EE /* AppDelegate.swift */ = {isa = PBXFileReference; lastKnownFileType = sourcecode.swift; path = AppDelegate.swift; sourceTree = "<group>"; };
		C48062AC2C6DD4BE003FF7EE /* SceneDelegate.swift */ = {isa = PBXFileReference; lastKnownFileType = sourcecode.swift; path = SceneDelegate.swift; sourceTree = "<group>"; };
		C48062B32C6DD4BF003FF7EE /* Assets.xcassets */ = {isa = PBXFileReference; lastKnownFileType = folder.assetcatalog; path = Assets.xcassets; sourceTree = "<group>"; };
		C48062B62C6DD4BF003FF7EE /* Base */ = {isa = PBXFileReference; lastKnownFileType = file.storyboard; name = Base; path = Base.lproj/LaunchScreen.storyboard; sourceTree = "<group>"; };
		C48062B82C6DD4BF003FF7EE /* Info.plist */ = {isa = PBXFileReference; lastKnownFileType = text.plist.xml; path = Info.plist; sourceTree = "<group>"; };
		C48062BE2C6DD4FA003FF7EE /* .gitignore */ = {isa = PBXFileReference; lastKnownFileType = text; path = .gitignore; sourceTree = "<group>"; };
		C48062C02C6DD521003FF7EE /* API.swift */ = {isa = PBXFileReference; lastKnownFileType = sourcecode.swift; path = API.swift; sourceTree = "<group>"; };
		C48062CA2C6F0FFC003FF7EE /* OnboardingView.swift */ = {isa = PBXFileReference; lastKnownFileType = sourcecode.swift; path = OnboardingView.swift; sourceTree = "<group>"; };
		C48062CC2C6F1029003FF7EE /* OnboardingViewController.swift */ = {isa = PBXFileReference; lastKnownFileType = sourcecode.swift; path = OnboardingViewController.swift; sourceTree = "<group>"; };
		C48062D02C6F10C5003FF7EE /* BaseViewController.swift */ = {isa = PBXFileReference; lastKnownFileType = sourcecode.swift; path = BaseViewController.swift; sourceTree = "<group>"; };
		C48062D62C6F10FE003FF7EE /* UIView+.swift */ = {isa = PBXFileReference; lastKnownFileType = sourcecode.swift; path = "UIView+.swift"; sourceTree = "<group>"; };
		C48062D82C6F11AD003FF7EE /* Reusable.swift */ = {isa = PBXFileReference; lastKnownFileType = sourcecode.swift; path = Reusable.swift; sourceTree = "<group>"; };
		C48062DD2C6F12D0003FF7EE /* BaseView.swift */ = {isa = PBXFileReference; lastKnownFileType = sourcecode.swift; path = BaseView.swift; sourceTree = "<group>"; };
		C48062E32C6F13C0003FF7EE /* Constant.swift */ = {isa = PBXFileReference; lastKnownFileType = sourcecode.swift; path = Constant.swift; sourceTree = "<group>"; };
		C48062E62C6F13CB003FF7EE /* Resource.swift */ = {isa = PBXFileReference; lastKnownFileType = sourcecode.swift; path = Resource.swift; sourceTree = "<group>"; };
		C48062E82C6F14F4003FF7EE /* UIColor+.swift */ = {isa = PBXFileReference; lastKnownFileType = sourcecode.swift; path = "UIColor+.swift"; sourceTree = "<group>"; };
		C48062EB2C6F178B003FF7EE /* Pretendard-Light.otf */ = {isa = PBXFileReference; lastKnownFileType = file; path = "Pretendard-Light.otf"; sourceTree = "<group>"; };
		C48062EC2C6F178B003FF7EE /* Pretendard-SemiBold.otf */ = {isa = PBXFileReference; lastKnownFileType = file; path = "Pretendard-SemiBold.otf"; sourceTree = "<group>"; };
		C48062ED2C6F178B003FF7EE /* Pretendard-Thin.otf */ = {isa = PBXFileReference; lastKnownFileType = file; path = "Pretendard-Thin.otf"; sourceTree = "<group>"; };
		C48062EE2C6F178B003FF7EE /* Pretendard-Bold.otf */ = {isa = PBXFileReference; lastKnownFileType = file; path = "Pretendard-Bold.otf"; sourceTree = "<group>"; };
		C48062EF2C6F178B003FF7EE /* Pretendard-Black.otf */ = {isa = PBXFileReference; lastKnownFileType = file; path = "Pretendard-Black.otf"; sourceTree = "<group>"; };
		C48062F02C6F178B003FF7EE /* Pretendard-ExtraLight.otf */ = {isa = PBXFileReference; lastKnownFileType = file; path = "Pretendard-ExtraLight.otf"; sourceTree = "<group>"; };
		C48062F12C6F178B003FF7EE /* Pretendard-Regular.otf */ = {isa = PBXFileReference; lastKnownFileType = file; path = "Pretendard-Regular.otf"; sourceTree = "<group>"; };
		C48062F22C6F178B003FF7EE /* Pretendard-Medium.otf */ = {isa = PBXFileReference; lastKnownFileType = file; path = "Pretendard-Medium.otf"; sourceTree = "<group>"; };
		C48062F32C6F178B003FF7EE /* Pretendard-ExtraBold.otf */ = {isa = PBXFileReference; lastKnownFileType = file; path = "Pretendard-ExtraBold.otf"; sourceTree = "<group>"; };
		C48062FD2C6F1D25003FF7EE /* UIImage+.swift */ = {isa = PBXFileReference; lastKnownFileType = sourcecode.swift; path = "UIImage+.swift"; sourceTree = "<group>"; };
		C48063002C6F1FCE003FF7EE /* OnboardingTypeButton.swift */ = {isa = PBXFileReference; lastKnownFileType = sourcecode.swift; path = OnboardingTypeButton.swift; sourceTree = "<group>"; };
		C48063022C6F23DD003FF7EE /* CommonLabel.swift */ = {isa = PBXFileReference; lastKnownFileType = sourcecode.swift; path = CommonLabel.swift; sourceTree = "<group>"; };
		C48063092C6F2976003FF7EE /* ViewModelType.swift */ = {isa = PBXFileReference; lastKnownFileType = sourcecode.swift; path = ViewModelType.swift; sourceTree = "<group>"; };
		C480630B2C6F29BA003FF7EE /* OnboardingViewModel.swift */ = {isa = PBXFileReference; lastKnownFileType = sourcecode.swift; path = OnboardingViewModel.swift; sourceTree = "<group>"; };
		C480630E2C6F2B23003FF7EE /* LoginViewController.swift */ = {isa = PBXFileReference; lastKnownFileType = sourcecode.swift; path = LoginViewController.swift; sourceTree = "<group>"; };
		C48063102C6F2B7E003FF7EE /* CommonButton.swift */ = {isa = PBXFileReference; lastKnownFileType = sourcecode.swift; path = CommonButton.swift; sourceTree = "<group>"; };
		C48063142C6F2C3F003FF7EE /* StudentJoinViewController.swift */ = {isa = PBXFileReference; lastKnownFileType = sourcecode.swift; path = StudentJoinViewController.swift; sourceTree = "<group>"; };
		C48063162C6F2C4E003FF7EE /* StudentJoinView.swift */ = {isa = PBXFileReference; lastKnownFileType = sourcecode.swift; path = StudentJoinView.swift; sourceTree = "<group>"; };
		C480631D2C6F3013003FF7EE /* JoinTextField.swift */ = {isa = PBXFileReference; lastKnownFileType = sourcecode.swift; path = JoinTextField.swift; sourceTree = "<group>"; };
		C48063202C6F5597003FF7EE /* JoinLabel.swift */ = {isa = PBXFileReference; lastKnownFileType = sourcecode.swift; path = JoinLabel.swift; sourceTree = "<group>"; };
		C48063232C6F55ED003FF7EE /* JoinCase.swift */ = {isa = PBXFileReference; lastKnownFileType = sourcecode.swift; path = JoinCase.swift; sourceTree = "<group>"; };
		C48063252C6F596F003FF7EE /* TeacherJoinView.swift */ = {isa = PBXFileReference; lastKnownFileType = sourcecode.swift; path = TeacherJoinView.swift; sourceTree = "<group>"; };
		C48063282C6F5B35003FF7EE /* ValidationManager.swift */ = {isa = PBXFileReference; lastKnownFileType = sourcecode.swift; path = ValidationManager.swift; sourceTree = "<group>"; };
		C480632A2C6F5BA4003FF7EE /* StudentJoinViewModel.swift */ = {isa = PBXFileReference; lastKnownFileType = sourcecode.swift; path = StudentJoinViewModel.swift; sourceTree = "<group>"; };
		C480632C2C6F657C003FF7EE /* NetworkManager.swift */ = {isa = PBXFileReference; lastKnownFileType = sourcecode.swift; path = NetworkManager.swift; sourceTree = "<group>"; };
		C48063312C6F6AE7003FF7EE /* TargetType.swift */ = {isa = PBXFileReference; lastKnownFileType = sourcecode.swift; path = TargetType.swift; sourceTree = "<group>"; };
		C48063382C6F7954003FF7EE /* EmailResponse.swift */ = {isa = PBXFileReference; lastKnownFileType = sourcecode.swift; path = EmailResponse.swift; sourceTree = "<group>"; };
		C480633F2C6F8E11003FF7EE /* TeacherJoinViewController.swift */ = {isa = PBXFileReference; lastKnownFileType = sourcecode.swift; path = TeacherJoinViewController.swift; sourceTree = "<group>"; };
		C48063412C6F8EE2003FF7EE /* TeacherJoinViewModel.swift */ = {isa = PBXFileReference; lastKnownFileType = sourcecode.swift; path = TeacherJoinViewModel.swift; sourceTree = "<group>"; };
		C48063432C6F9078003FF7EE /* LoginView.swift */ = {isa = PBXFileReference; lastKnownFileType = sourcecode.swift; path = LoginView.swift; sourceTree = "<group>"; };
		C494478D2C70B4EF005AADF7 /* JoinResponse.swift */ = {isa = PBXFileReference; lastKnownFileType = sourcecode.swift; path = JoinResponse.swift; sourceTree = "<group>"; };
		C494478F2C70B5EF005AADF7 /* UserDefaultsManager.swift */ = {isa = PBXFileReference; lastKnownFileType = sourcecode.swift; path = UserDefaultsManager.swift; sourceTree = "<group>"; };
		C49447912C70BB02005AADF7 /* HomeViewController.swift */ = {isa = PBXFileReference; lastKnownFileType = sourcecode.swift; path = HomeViewController.swift; sourceTree = "<group>"; };
		C49447932C70CE62005AADF7 /* LoginViewModel.swift */ = {isa = PBXFileReference; lastKnownFileType = sourcecode.swift; path = LoginViewModel.swift; sourceTree = "<group>"; };
		C49447952C70D6C4005AADF7 /* LoginResponse.swift */ = {isa = PBXFileReference; lastKnownFileType = sourcecode.swift; path = LoginResponse.swift; sourceTree = "<group>"; };
		C494479A2C70E846005AADF7 /* UIViewController+.swift */ = {isa = PBXFileReference; lastKnownFileType = sourcecode.swift; path = "UIViewController+.swift"; sourceTree = "<group>"; };
		C494479C2C70E8BE005AADF7 /* BarButtonCase.swift */ = {isa = PBXFileReference; lastKnownFileType = sourcecode.swift; path = BarButtonCase.swift; sourceTree = "<group>"; };
		C494479F2C70EDC9005AADF7 /* CustomTabBarController.swift */ = {isa = PBXFileReference; lastKnownFileType = sourcecode.swift; path = CustomTabBarController.swift; sourceTree = "<group>"; };
		C49447A22C70F2FE005AADF7 /* LessonViewController.swift */ = {isa = PBXFileReference; lastKnownFileType = sourcecode.swift; path = LessonViewController.swift; sourceTree = "<group>"; };
		C49447A52C70F3B3005AADF7 /* HashTagViewController.swift */ = {isa = PBXFileReference; lastKnownFileType = sourcecode.swift; path = HashTagViewController.swift; sourceTree = "<group>"; };
		C49447A82C70F4C7005AADF7 /* CommunityViewController.swift */ = {isa = PBXFileReference; lastKnownFileType = sourcecode.swift; path = CommunityViewController.swift; sourceTree = "<group>"; };
		C49447AB2C70F593005AADF7 /* MyPageViewController.swift */ = {isa = PBXFileReference; lastKnownFileType = sourcecode.swift; path = MyPageViewController.swift; sourceTree = "<group>"; };
		C49447AE2C7206B5005AADF7 /* RefreshTokenResponse.swift */ = {isa = PBXFileReference; lastKnownFileType = sourcecode.swift; path = RefreshTokenResponse.swift; sourceTree = "<group>"; };
		C49447B02C720972005AADF7 /* NavigationManager.swift */ = {isa = PBXFileReference; lastKnownFileType = sourcecode.swift; path = NavigationManager.swift; sourceTree = "<group>"; };
		C49447B22C720F77005AADF7 /* LoginViewCase.swift */ = {isa = PBXFileReference; lastKnownFileType = sourcecode.swift; path = LoginViewCase.swift; sourceTree = "<group>"; };
		C49447B42C722BD0005AADF7 /* HomeView.swift */ = {isa = PBXFileReference; lastKnownFileType = sourcecode.swift; path = HomeView.swift; sourceTree = "<group>"; };
		C49447BB2C723A6C005AADF7 /* HomeLessonCollectionViewCell.swift */ = {isa = PBXFileReference; lastKnownFileType = sourcecode.swift; path = HomeLessonCollectionViewCell.swift; sourceTree = "<group>"; };
		C49447BD2C723A7E005AADF7 /* BaseCollectionViewCell.swift */ = {isa = PBXFileReference; lastKnownFileType = sourcecode.swift; path = BaseCollectionViewCell.swift; sourceTree = "<group>"; };
		C49447C22C7249AA005AADF7 /* HomeMenuCollectionViewCell.swift */ = {isa = PBXFileReference; lastKnownFileType = sourcecode.swift; path = HomeMenuCollectionViewCell.swift; sourceTree = "<group>"; };
		C49447CE2C732A19005AADF7 /* LessonView.swift */ = {isa = PBXFileReference; lastKnownFileType = sourcecode.swift; path = LessonView.swift; sourceTree = "<group>"; };
		C49447D02C732EC0005AADF7 /* LessonCollectionViewCell.swift */ = {isa = PBXFileReference; lastKnownFileType = sourcecode.swift; path = LessonCollectionViewCell.swift; sourceTree = "<group>"; };
		C49447D22C7334A0005AADF7 /* PostResponse.swift */ = {isa = PBXFileReference; lastKnownFileType = sourcecode.swift; path = PostResponse.swift; sourceTree = "<group>"; };
		C49447D42C7366EB005AADF7 /* MyPageView.swift */ = {isa = PBXFileReference; lastKnownFileType = sourcecode.swift; path = MyPageView.swift; sourceTree = "<group>"; };
		C49447D62C7367FB005AADF7 /* UserTypeButton.swift */ = {isa = PBXFileReference; lastKnownFileType = sourcecode.swift; path = UserTypeButton.swift; sourceTree = "<group>"; };
		C49447D92C736BC3005AADF7 /* MyPageMenuButton.swift */ = {isa = PBXFileReference; lastKnownFileType = sourcecode.swift; path = MyPageMenuButton.swift; sourceTree = "<group>"; };
		C49447DD2C738085005AADF7 /* WithDrawResponse.swift */ = {isa = PBXFileReference; lastKnownFileType = sourcecode.swift; path = WithDrawResponse.swift; sourceTree = "<group>"; };
		C49447DF2C7380E9005AADF7 /* MyPageViewModel.swift */ = {isa = PBXFileReference; lastKnownFileType = sourcecode.swift; path = MyPageViewModel.swift; sourceTree = "<group>"; };
		C49447E12C7443E7005AADF7 /* HomeViewModel.swift */ = {isa = PBXFileReference; lastKnownFileType = sourcecode.swift; path = HomeViewModel.swift; sourceTree = "<group>"; };
		C49447E32C7448C5005AADF7 /* LessonViewModel.swift */ = {isa = PBXFileReference; lastKnownFileType = sourcecode.swift; path = LessonViewModel.swift; sourceTree = "<group>"; };
		C49447E62C74AA9A005AADF7 /* PostDummy.swift */ = {isa = PBXFileReference; lastKnownFileType = sourcecode.swift; path = PostDummy.swift; sourceTree = "<group>"; };
		C49447E82C74DBE3005AADF7 /* LessonDetailView.swift */ = {isa = PBXFileReference; lastKnownFileType = sourcecode.swift; path = LessonDetailView.swift; sourceTree = "<group>"; };
		C49447EB2C74DBF8005AADF7 /* LessonDetailViewModel.swift */ = {isa = PBXFileReference; lastKnownFileType = sourcecode.swift; path = LessonDetailViewModel.swift; sourceTree = "<group>"; };
		C49447ED2C74DBFE005AADF7 /* LessonDetailViewController.swift */ = {isa = PBXFileReference; lastKnownFileType = sourcecode.swift; path = LessonDetailViewController.swift; sourceTree = "<group>"; };
		C4DC8DF02C7C994B0007FE12 /* ReservationBookmarkBody.swift */ = {isa = PBXFileReference; lastKnownFileType = sourcecode.swift; path = ReservationBookmarkBody.swift; sourceTree = "<group>"; };
		C4DC8DF22C7C9C340007FE12 /* ReservationResponse.swift */ = {isa = PBXFileReference; lastKnownFileType = sourcecode.swift; path = ReservationResponse.swift; sourceTree = "<group>"; };
		C4DC8DF42C7CD0750007FE12 /* HomeMenuCase.swift */ = {isa = PBXFileReference; lastKnownFileType = sourcecode.swift; path = HomeMenuCase.swift; sourceTree = "<group>"; };
		C4DC8E122C7DF1C10007FE12 /* LessonCommentView.swift */ = {isa = PBXFileReference; lastKnownFileType = sourcecode.swift; path = LessonCommentView.swift; sourceTree = "<group>"; };
		C4DC8E142C7DF1F90007FE12 /* LessonDetailInfoView.swift */ = {isa = PBXFileReference; lastKnownFileType = sourcecode.swift; path = LessonDetailInfoView.swift; sourceTree = "<group>"; };
		C4DC8E172C7E00370007FE12 /* LessonCommentFieldView.swift */ = {isa = PBXFileReference; lastKnownFileType = sourcecode.swift; path = LessonCommentFieldView.swift; sourceTree = "<group>"; };
		C4DC8E192C7E043B0007FE12 /* PostCommentBody.swift */ = {isa = PBXFileReference; lastKnownFileType = sourcecode.swift; path = PostCommentBody.swift; sourceTree = "<group>"; };
		C4DC8E1B2C7E07C50007FE12 /* CommentResponse.swift */ = {isa = PBXFileReference; lastKnownFileType = sourcecode.swift; path = CommentResponse.swift; sourceTree = "<group>"; };
		C4DC8E1D2C7E22A60007FE12 /* LessonCommentCollectionViewCell.swift */ = {isa = PBXFileReference; lastKnownFileType = sourcecode.swift; path = LessonCommentCollectionViewCell.swift; sourceTree = "<group>"; };
		C4DC8E372C8058F50007FE12 /* MyReservationViewController.swift */ = {isa = PBXFileReference; lastKnownFileType = sourcecode.swift; path = MyReservationViewController.swift; sourceTree = "<group>"; };
		C4DC8E392C8058FD0007FE12 /* MyReservationBookmarkView.swift */ = {isa = PBXFileReference; lastKnownFileType = sourcecode.swift; path = MyReservationBookmarkView.swift; sourceTree = "<group>"; };
		C4DC8E3B2C8059040007FE12 /* MyReservationViewModel.swift */ = {isa = PBXFileReference; lastKnownFileType = sourcecode.swift; path = MyReservationViewModel.swift; sourceTree = "<group>"; };
		C4DC8E402C805B260007FE12 /* MyBookmarkViewController.swift */ = {isa = PBXFileReference; lastKnownFileType = sourcecode.swift; path = MyBookmarkViewController.swift; sourceTree = "<group>"; };
		C4DC8E422C805B470007FE12 /* MyBookmarkViewModel.swift */ = {isa = PBXFileReference; lastKnownFileType = sourcecode.swift; path = MyBookmarkViewModel.swift; sourceTree = "<group>"; };
		C4DC8E452C805BFC0007FE12 /* MyCommentView.swift */ = {isa = PBXFileReference; lastKnownFileType = sourcecode.swift; path = MyCommentView.swift; sourceTree = "<group>"; };
		C4DC8E472C805C070007FE12 /* MyCommentViewController.swift */ = {isa = PBXFileReference; lastKnownFileType = sourcecode.swift; path = MyCommentViewController.swift; sourceTree = "<group>"; };
		C4DC8E492C805C0E0007FE12 /* MyCommentViewModel.swift */ = {isa = PBXFileReference; lastKnownFileType = sourcecode.swift; path = MyCommentViewModel.swift; sourceTree = "<group>"; };
		C4DC8E4C2C80B8AA0007FE12 /* MyLessonView.swift */ = {isa = PBXFileReference; lastKnownFileType = sourcecode.swift; path = MyLessonView.swift; sourceTree = "<group>"; };
		C4DC8E4E2C80B8B10007FE12 /* MyLessonViewController.swift */ = {isa = PBXFileReference; lastKnownFileType = sourcecode.swift; path = MyLessonViewController.swift; sourceTree = "<group>"; };
		C4DC8E502C80B8B70007FE12 /* MyLessonViewModel.swift */ = {isa = PBXFileReference; lastKnownFileType = sourcecode.swift; path = MyLessonViewModel.swift; sourceTree = "<group>"; };
		C4DC8E552C80C1FB0007FE12 /* LessonEditViewController.swift */ = {isa = PBXFileReference; lastKnownFileType = sourcecode.swift; path = LessonEditViewController.swift; sourceTree = "<group>"; };
		C4DC8E572C80C2020007FE12 /* LessonEditViewModel.swift */ = {isa = PBXFileReference; lastKnownFileType = sourcecode.swift; path = LessonEditViewModel.swift; sourceTree = "<group>"; };
		C4DC8E5A2C81B3E20007FE12 /* UserProfileResponse.swift */ = {isa = PBXFileReference; lastKnownFileType = sourcecode.swift; path = UserProfileResponse.swift; sourceTree = "<group>"; };
		C4DC8E5D2C81B61F0007FE12 /* UserProfileView.swift */ = {isa = PBXFileReference; lastKnownFileType = sourcecode.swift; path = UserProfileView.swift; sourceTree = "<group>"; };
		C4DC8E5F2C81B6270007FE12 /* UserProfileViewController.swift */ = {isa = PBXFileReference; lastKnownFileType = sourcecode.swift; path = UserProfileViewController.swift; sourceTree = "<group>"; };
		C4DC8E612C81BA0E0007FE12 /* UserProfileViewModel.swift */ = {isa = PBXFileReference; lastKnownFileType = sourcecode.swift; path = UserProfileViewModel.swift; sourceTree = "<group>"; };
		C4DC8E632C81C1790007FE12 /* HashTagView.swift */ = {isa = PBXFileReference; lastKnownFileType = sourcecode.swift; path = HashTagView.swift; sourceTree = "<group>"; };
		C4DC8E652C81C1970007FE12 /* HashTagViewModel.swift */ = {isa = PBXFileReference; lastKnownFileType = sourcecode.swift; path = HashTagViewModel.swift; sourceTree = "<group>"; };
		C4DC8E672C81CF8D0007FE12 /* HashTagQuery.swift */ = {isa = PBXFileReference; lastKnownFileType = sourcecode.swift; path = HashTagQuery.swift; sourceTree = "<group>"; };
		C4DC8E692C81F9C50007FE12 /* HashTagCollectionViewCell.swift */ = {isa = PBXFileReference; lastKnownFileType = sourcecode.swift; path = HashTagCollectionViewCell.swift; sourceTree = "<group>"; };
		C4DC8E702C821FEF0007FE12 /* HashTagResultViewController.swift */ = {isa = PBXFileReference; lastKnownFileType = sourcecode.swift; path = HashTagResultViewController.swift; sourceTree = "<group>"; };
		C4DC8E722C8220140007FE12 /* HashTagResultViewModel.swift */ = {isa = PBXFileReference; lastKnownFileType = sourcecode.swift; path = HashTagResultViewModel.swift; sourceTree = "<group>"; };
		C4DC8E792C832D530007FE12 /* HashTagResultLessonViewController.swift */ = {isa = PBXFileReference; lastKnownFileType = sourcecode.swift; path = HashTagResultLessonViewController.swift; sourceTree = "<group>"; };
		C4DC8E7B2C832D6A0007FE12 /* HashTagResultCommunityViewController.swift */ = {isa = PBXFileReference; lastKnownFileType = sourcecode.swift; path = HashTagResultCommunityViewController.swift; sourceTree = "<group>"; };
		C4DC8E7D2C8361EB0007FE12 /* PayRouter.swift */ = {isa = PBXFileReference; lastKnownFileType = sourcecode.swift; path = PayRouter.swift; sourceTree = "<group>"; };
		C4DC8E802C8363CD0007FE12 /* PayValidationBody.swift */ = {isa = PBXFileReference; lastKnownFileType = sourcecode.swift; path = PayValidationBody.swift; sourceTree = "<group>"; };
		C4DC8E8D2C8381320007FE12 /* PaymentsViewController.swift */ = {isa = PBXFileReference; lastKnownFileType = sourcecode.swift; path = PaymentsViewController.swift; sourceTree = "<group>"; };
		C4DC8ECE2C86CA0B0007FE12 /* PayValidationResponse.swift */ = {isa = PBXFileReference; lastKnownFileType = sourcecode.swift; path = PayValidationResponse.swift; sourceTree = "<group>"; };
/* End PBXFileReference section */

/* Begin PBXFrameworksBuildPhase section */
		C48062A42C6DD4BE003FF7EE /* Frameworks */ = {
			isa = PBXFrameworksBuildPhase;
			buildActionMask = 2147483647;
			files = (
				C4DC8E842C836B020007FE12 /* iamport-ios in Frameworks */,
				C48063062C6F286E003FF7EE /* RxCocoa in Frameworks */,
				C48062DC2C6F1282003FF7EE /* SnapKit in Frameworks */,
				C48063082C6F286E003FF7EE /* RxSwift in Frameworks */,
				C48063352C6F6B79003FF7EE /* Alamofire in Frameworks */,
				C40391842C7B81F100D50850 /* Kingfisher in Frameworks */,
				C4DC8E762C8221860007FE12 /* Tabman in Frameworks */,
				C403917F2C7B54B100D50850 /* Toast in Frameworks */,
				C480631A2C6F2CDF003FF7EE /* TextFieldEffects in Frameworks */,
			);
			runOnlyForDeploymentPostprocessing = 0;
		};
/* End PBXFrameworksBuildPhase section */

/* Begin PBXGroup section */
		C40391262C75BE4A00D50850 /* User */ = {
			isa = PBXGroup;
			children = (
				C48063382C6F7954003FF7EE /* EmailResponse.swift */,
				C494478D2C70B4EF005AADF7 /* JoinResponse.swift */,
				C49447952C70D6C4005AADF7 /* LoginResponse.swift */,
				C49447DD2C738085005AADF7 /* WithDrawResponse.swift */,
				C49447AE2C7206B5005AADF7 /* RefreshTokenResponse.swift */,
				C40391272C75BE9B00D50850 /* MyProfileResponse.swift */,
				C4DC8E5A2C81B3E20007FE12 /* UserProfileResponse.swift */,
			);
			path = User;
			sourceTree = "<group>";
		};
		C403912B2C75D81000D50850 /* LessonOpen */ = {
			isa = PBXGroup;
			children = (
				C403912C2C75D82300D50850 /* LessonOpenView.swift */,
				C403912E2C75D82D00D50850 /* LessonOpenViewController.swift */,
				C40391362C76363000D50850 /* LessonOpenViewModel.swift */,
			);
			path = LessonOpen;
			sourceTree = "<group>";
		};
		C40391572C76E9A900D50850 /* Router */ = {
			isa = PBXGroup;
			children = (
				C403916D2C7791A100D50850 /* APIRouter.swift */,
				C40391292C75D4C200D50850 /* UserRouter.swift */,
				C40391582C76EA0000D50850 /* PostRouter.swift */,
				C4DC8E7D2C8361EB0007FE12 /* PayRouter.swift */,
			);
			path = Router;
			sourceTree = "<group>";
		};
		C403915A2C76EDB000D50850 /* Post */ = {
			isa = PBXGroup;
			children = (
				C49447D22C7334A0005AADF7 /* PostResponse.swift */,
				C40391792C7A010A00D50850 /* PostFilesResponse.swift */,
				C4DC8DF22C7C9C340007FE12 /* ReservationResponse.swift */,
				C4DC8E1B2C7E07C50007FE12 /* CommentResponse.swift */,
			);
			path = Post;
			sourceTree = "<group>";
		};
		C40391632C77811200D50850 /* User */ = {
			isa = PBXGroup;
			children = (
				C40391612C77808100D50850 /* JoinBody.swift */,
				C40391642C77812200D50850 /* LoginBody.swift */,
				C40391662C77818E00D50850 /* EmailBody.swift */,
			);
			path = User;
			sourceTree = "<group>";
		};
		C40391682C7784AD00D50850 /* Post */ = {
			isa = PBXGroup;
			children = (
				C403915D2C76EE9A00D50850 /* PostBody.swift */,
				C40391692C7784C700D50850 /* PostFilesBody.swift */,
				C403917B2C7B4F6E00D50850 /* PostQuery.swift */,
				C4DC8DF02C7C994B0007FE12 /* ReservationBookmarkBody.swift */,
				C4DC8E192C7E043B0007FE12 /* PostCommentBody.swift */,
				C4DC8E672C81CF8D0007FE12 /* HashTagQuery.swift */,
			);
			path = Post;
			sourceTree = "<group>";
		};
		C4736B642CC515F4003AC697 /* CommunityPost */ = {
			isa = PBXGroup;
			children = (
				C4736B652CC51612003AC697 /* CommunityPostView.swift */,
				C4736B6C2CC5168F003AC697 /* CommunityPostViewController.swift */,
			);
			path = CommunityPost;
			sourceTree = "<group>";
		};
		C4736B672CC51632003AC697 /* CommunityDetail */ = {
			isa = PBXGroup;
			children = (
				C4736B682CC51640003AC697 /* CommunityDetailView.swift */,
				C4736B6A2CC5165C003AC697 /* CommunityDetailViewController.swift */,
				C477A29B2CCD1C9C006B8DB6 /* CommunityDetailViewModel.swift */,
			);
			path = CommunityDetail;
			sourceTree = "<group>";
		};
		C480629E2C6DD4BE003FF7EE = {
			isa = PBXGroup;
			children = (
				C48062BE2C6DD4FA003FF7EE /* .gitignore */,
				C48062A92C6DD4BE003FF7EE /* all-for-lesson */,
				C48062A82C6DD4BE003FF7EE /* Products */,
			);
			sourceTree = "<group>";
		};
		C48062A82C6DD4BE003FF7EE /* Products */ = {
			isa = PBXGroup;
			children = (
				C48062A72C6DD4BE003FF7EE /* all-for-lesson.app */,
			);
			name = Products;
			sourceTree = "<group>";
		};
		C48062A92C6DD4BE003FF7EE /* all-for-lesson */ = {
			isa = PBXGroup;
			children = (
				C48062C22C6DD5AA003FF7EE /* Application */,
				C48063362C6F7934003FF7EE /* Model */,
				C480632E2C6F6681003FF7EE /* Network */,
				C48062E22C6F13AC003FF7EE /* Common */,
				C48062CE2C6F107A003FF7EE /* Component */,
				C48062D52C6F10EB003FF7EE /* Extenstion */,
				C48063272C6F5B1F003FF7EE /* Manager */,
				C48062D22C6F10C9003FF7EE /* Protocol */,
				C48062C72C6F0FC3003FF7EE /* Presentation */,
			);
			path = "all-for-lesson";
			sourceTree = "<group>";
		};
		C48062C22C6DD5AA003FF7EE /* Application */ = {
			isa = PBXGroup;
			children = (
				C48062AA2C6DD4BE003FF7EE /* AppDelegate.swift */,
				C48062AC2C6DD4BE003FF7EE /* SceneDelegate.swift */,
				C48062B32C6DD4BF003FF7EE /* Assets.xcassets */,
				C48062B52C6DD4BF003FF7EE /* LaunchScreen.storyboard */,
				C48062B82C6DD4BF003FF7EE /* Info.plist */,
			);
			path = Application;
			sourceTree = "<group>";
		};
		C48062C72C6F0FC3003FF7EE /* Presentation */ = {
			isa = PBXGroup;
			children = (
				C494479E2C70EDA0005AADF7 /* TabBar */,
				C48062C82C6F0FD6003FF7EE /* Onboarding */,
				C48062C92C6F0FE6003FF7EE /* Join */,
				C480630D2C6F2B0E003FF7EE /* Login */,
				C494478C2C70B1DE005AADF7 /* Home */,
				C49447A12C70F2E9005AADF7 /* Lesson */,
				C4DC8E5C2C81B6100007FE12 /* UserDetail */,
				C49447A42C70F3A1005AADF7 /* HashTag */,
				C49447A72C70F4B5005AADF7 /* Community */,
				C49447AA2C70F585005AADF7 /* MyPage */,
				C4DC8E882C8373DC0007FE12 /* Payments */,
			);
			path = Presentation;
			sourceTree = "<group>";
		};
		C48062C82C6F0FD6003FF7EE /* Onboarding */ = {
			isa = PBXGroup;
			children = (
				C48062CA2C6F0FFC003FF7EE /* OnboardingView.swift */,
				C48062CC2C6F1029003FF7EE /* OnboardingViewController.swift */,
				C480630B2C6F29BA003FF7EE /* OnboardingViewModel.swift */,
			);
			path = Onboarding;
			sourceTree = "<group>";
		};
		C48062C92C6F0FE6003FF7EE /* Join */ = {
			isa = PBXGroup;
			children = (
				C480633D2C6F8DE5003FF7EE /* Student */,
				C480633E2C6F8DE9003FF7EE /* Teacher */,
			);
			path = Join;
			sourceTree = "<group>";
		};
		C48062CE2C6F107A003FF7EE /* Component */ = {
			isa = PBXGroup;
			children = (
				C48062CF2C6F108B003FF7EE /* Base */,
				C48062FF2C6F1FAA003FF7EE /* CustomView */,
			);
			path = Component;
			sourceTree = "<group>";
		};
		C48062CF2C6F108B003FF7EE /* Base */ = {
			isa = PBXGroup;
			children = (
				C48062DD2C6F12D0003FF7EE /* BaseView.swift */,
				C48062D02C6F10C5003FF7EE /* BaseViewController.swift */,
				C49447BD2C723A7E005AADF7 /* BaseCollectionViewCell.swift */,
			);
			path = Base;
			sourceTree = "<group>";
		};
		C48062D22C6F10C9003FF7EE /* Protocol */ = {
			isa = PBXGroup;
			children = (
				C48062D82C6F11AD003FF7EE /* Reusable.swift */,
				C48063092C6F2976003FF7EE /* ViewModelType.swift */,
				C48063312C6F6AE7003FF7EE /* TargetType.swift */,
			);
			path = Protocol;
			sourceTree = "<group>";
		};
		C48062D52C6F10EB003FF7EE /* Extenstion */ = {
			isa = PBXGroup;
			children = (
				C40391302C7606E300D50850 /* UIButton+.swift */,
				C48062E82C6F14F4003FF7EE /* UIColor+.swift */,
				C48062FD2C6F1D25003FF7EE /* UIImage+.swift */,
				C48062D62C6F10FE003FF7EE /* UIView+.swift */,
				C494479A2C70E846005AADF7 /* UIViewController+.swift */,
			);
			path = Extenstion;
			sourceTree = "<group>";
		};
		C48062E22C6F13AC003FF7EE /* Common */ = {
			isa = PBXGroup;
			children = (
				C48063222C6F55E5003FF7EE /* Case */,
				C48062EA2C6F176C003FF7EE /* Resource */,
				C48062E32C6F13C0003FF7EE /* Constant.swift */,
			);
			path = Common;
			sourceTree = "<group>";
		};
		C48062EA2C6F176C003FF7EE /* Resource */ = {
			isa = PBXGroup;
			children = (
				C49447AD2C70FBD2005AADF7 /* Font */,
				C48062E62C6F13CB003FF7EE /* Resource.swift */,
			);
			path = Resource;
			sourceTree = "<group>";
		};
		C48062FF2C6F1FAA003FF7EE /* CustomView */ = {
			isa = PBXGroup;
			children = (
				C49447B62C7235A9005AADF7 /* Cell */,
				C480631F2C6F5586003FF7EE /* Join */,
				C48063102C6F2B7E003FF7EE /* CommonButton.swift */,
				C48063022C6F23DD003FF7EE /* CommonLabel.swift */,
				C48063002C6F1FCE003FF7EE /* OnboardingTypeButton.swift */,
				C49447D62C7367FB005AADF7 /* UserTypeButton.swift */,
				C49447D92C736BC3005AADF7 /* MyPageMenuButton.swift */,
			);
			path = CustomView;
			sourceTree = "<group>";
		};
		C480630D2C6F2B0E003FF7EE /* Login */ = {
			isa = PBXGroup;
			children = (
				C48063432C6F9078003FF7EE /* LoginView.swift */,
				C480630E2C6F2B23003FF7EE /* LoginViewController.swift */,
				C49447932C70CE62005AADF7 /* LoginViewModel.swift */,
			);
			path = Login;
			sourceTree = "<group>";
		};
		C480631F2C6F5586003FF7EE /* Join */ = {
			isa = PBXGroup;
			children = (
				C480631D2C6F3013003FF7EE /* JoinTextField.swift */,
				C48063202C6F5597003FF7EE /* JoinLabel.swift */,
			);
			path = Join;
			sourceTree = "<group>";
		};
		C48063222C6F55E5003FF7EE /* Case */ = {
			isa = PBXGroup;
			children = (
				C48063232C6F55ED003FF7EE /* JoinCase.swift */,
				C494479C2C70E8BE005AADF7 /* BarButtonCase.swift */,
				C49447B22C720F77005AADF7 /* LoginViewCase.swift */,
				C403916B2C77886900D50850 /* NetworkErrorCase.swift */,
				C4DC8DF42C7CD0750007FE12 /* HomeMenuCase.swift */,
			);
			path = Case;
			sourceTree = "<group>";
		};
		C48063272C6F5B1F003FF7EE /* Manager */ = {
			isa = PBXGroup;
			children = (
				C48063282C6F5B35003FF7EE /* ValidationManager.swift */,
				C480632C2C6F657C003FF7EE /* NetworkManager.swift */,
				C494478F2C70B5EF005AADF7 /* UserDefaultsManager.swift */,
				C49447B02C720972005AADF7 /* NavigationManager.swift */,
				C40391802C7B54FC00D50850 /* ToastManager.swift */,
			);
			path = Manager;
			sourceTree = "<group>";
		};
		C480632E2C6F6681003FF7EE /* Network */ = {
			isa = PBXGroup;
			children = (
				C40391572C76E9A900D50850 /* Router */,
				C48062C02C6DD521003FF7EE /* API.swift */,
			);
			path = Network;
			sourceTree = "<group>";
		};
		C48063362C6F7934003FF7EE /* Model */ = {
			isa = PBXGroup;
			children = (
				C49447E52C74AA8D005AADF7 /* DummyData */,
				C49447972C70E5CA005AADF7 /* Request */,
				C48063372C6F7939003FF7EE /* Response */,
			);
			path = Model;
			sourceTree = "<group>";
		};
		C48063372C6F7939003FF7EE /* Response */ = {
			isa = PBXGroup;
			children = (
				C40391262C75BE4A00D50850 /* User */,
				C403915A2C76EDB000D50850 /* Post */,
				C4DC8ECD2C86C9F00007FE12 /* Pay */,
			);
			path = Response;
			sourceTree = "<group>";
		};
		C480633D2C6F8DE5003FF7EE /* Student */ = {
			isa = PBXGroup;
			children = (
				C48063162C6F2C4E003FF7EE /* StudentJoinView.swift */,
				C48063142C6F2C3F003FF7EE /* StudentJoinViewController.swift */,
				C480632A2C6F5BA4003FF7EE /* StudentJoinViewModel.swift */,
			);
			path = Student;
			sourceTree = "<group>";
		};
		C480633E2C6F8DE9003FF7EE /* Teacher */ = {
			isa = PBXGroup;
			children = (
				C48063252C6F596F003FF7EE /* TeacherJoinView.swift */,
				C480633F2C6F8E11003FF7EE /* TeacherJoinViewController.swift */,
				C48063412C6F8EE2003FF7EE /* TeacherJoinViewModel.swift */,
			);
			path = Teacher;
			sourceTree = "<group>";
		};
		C494478C2C70B1DE005AADF7 /* Home */ = {
			isa = PBXGroup;
			children = (
				C49447B42C722BD0005AADF7 /* HomeView.swift */,
				C49447912C70BB02005AADF7 /* HomeViewController.swift */,
				C49447E12C7443E7005AADF7 /* HomeViewModel.swift */,
			);
			path = Home;
			sourceTree = "<group>";
		};
		C49447972C70E5CA005AADF7 /* Request */ = {
			isa = PBXGroup;
			children = (
				C40391632C77811200D50850 /* User */,
				C40391682C7784AD00D50850 /* Post */,
				C4DC8E7F2C8363B90007FE12 /* Pay */,
			);
			path = Request;
			sourceTree = "<group>";
		};
		C494479E2C70EDA0005AADF7 /* TabBar */ = {
			isa = PBXGroup;
			children = (
				C494479F2C70EDC9005AADF7 /* CustomTabBarController.swift */,
			);
			path = TabBar;
			sourceTree = "<group>";
		};
		C49447A12C70F2E9005AADF7 /* Lesson */ = {
			isa = PBXGroup;
			children = (
				C403912B2C75D81000D50850 /* LessonOpen */,
				C4DC8E522C80C1DF0007FE12 /* LessonEdit */,
				C49447EA2C74DBEB005AADF7 /* LessonDetail */,
				C49447CE2C732A19005AADF7 /* LessonView.swift */,
				C49447A22C70F2FE005AADF7 /* LessonViewController.swift */,
				C49447E32C7448C5005AADF7 /* LessonViewModel.swift */,
			);
			path = Lesson;
			sourceTree = "<group>";
		};
		C49447A42C70F3A1005AADF7 /* HashTag */ = {
			isa = PBXGroup;
			children = (
				C4DC8E6D2C8213E30007FE12 /* HashTagResult */,
				C4DC8E632C81C1790007FE12 /* HashTagView.swift */,
				C49447A52C70F3B3005AADF7 /* HashTagViewController.swift */,
				C4DC8E652C81C1970007FE12 /* HashTagViewModel.swift */,
			);
			path = HashTag;
			sourceTree = "<group>";
		};
		C49447A72C70F4B5005AADF7 /* Community */ = {
			isa = PBXGroup;
			children = (
				C4736B642CC515F4003AC697 /* CommunityPost */,
				C4736B672CC51632003AC697 /* CommunityDetail */,
				C4736B5E2CC3BFA0003AC697 /* CommunityView.swift */,
				C49447A82C70F4C7005AADF7 /* CommunityViewController.swift */,
				C4736B602CC3C5AA003AC697 /* CommunityViewModel.swift */,
			);
			path = Community;
			sourceTree = "<group>";
		};
		C49447AA2C70F585005AADF7 /* MyPage */ = {
			isa = PBXGroup;
			children = (
				C4DC8E362C8058D90007FE12 /* MyReservation */,
				C4DC8E3D2C805B070007FE12 /* MyBookmark */,
				C4DC8E4B2C80B89F0007FE12 /* MyLesson */,
				C4DC8E442C805BF30007FE12 /* MyComment */,
				C49447D42C7366EB005AADF7 /* MyPageView.swift */,
				C49447AB2C70F593005AADF7 /* MyPageViewController.swift */,
				C49447DF2C7380E9005AADF7 /* MyPageViewModel.swift */,
			);
			path = MyPage;
			sourceTree = "<group>";
		};
		C49447AD2C70FBD2005AADF7 /* Font */ = {
			isa = PBXGroup;
			children = (
				C48062EF2C6F178B003FF7EE /* Pretendard-Black.otf */,
				C48062EE2C6F178B003FF7EE /* Pretendard-Bold.otf */,
				C48062F32C6F178B003FF7EE /* Pretendard-ExtraBold.otf */,
				C48062F02C6F178B003FF7EE /* Pretendard-ExtraLight.otf */,
				C48062EB2C6F178B003FF7EE /* Pretendard-Light.otf */,
				C48062F22C6F178B003FF7EE /* Pretendard-Medium.otf */,
				C48062F12C6F178B003FF7EE /* Pretendard-Regular.otf */,
				C48062EC2C6F178B003FF7EE /* Pretendard-SemiBold.otf */,
				C48062ED2C6F178B003FF7EE /* Pretendard-Thin.otf */,
			);
			path = Font;
			sourceTree = "<group>";
		};
		C49447B62C7235A9005AADF7 /* Cell */ = {
			isa = PBXGroup;
			children = (
				C49447BB2C723A6C005AADF7 /* HomeLessonCollectionViewCell.swift */,
				C49447C22C7249AA005AADF7 /* HomeMenuCollectionViewCell.swift */,
				C49447D02C732EC0005AADF7 /* LessonCollectionViewCell.swift */,
				C4DC8E1D2C7E22A60007FE12 /* LessonCommentCollectionViewCell.swift */,
				C4DC8E692C81F9C50007FE12 /* HashTagCollectionViewCell.swift */,
				C4736B622CC3CDF8003AC697 /* CommunityCollectionViewCell.swift */,
			);
			path = Cell;
			sourceTree = "<group>";
		};
		C49447E52C74AA8D005AADF7 /* DummyData */ = {
			isa = PBXGroup;
			children = (
				C49447E62C74AA9A005AADF7 /* PostDummy.swift */,
			);
			path = DummyData;
			sourceTree = "<group>";
		};
		C49447EA2C74DBEB005AADF7 /* LessonDetail */ = {
			isa = PBXGroup;
			children = (
				C4DC8E162C7DF22C0007FE12 /* Control */,
				C49447E82C74DBE3005AADF7 /* LessonDetailView.swift */,
				C49447ED2C74DBFE005AADF7 /* LessonDetailViewController.swift */,
				C49447EB2C74DBF8005AADF7 /* LessonDetailViewModel.swift */,
			);
			path = LessonDetail;
			sourceTree = "<group>";
		};
		C4DC8E162C7DF22C0007FE12 /* Control */ = {
			isa = PBXGroup;
			children = (
				C4DC8E142C7DF1F90007FE12 /* LessonDetailInfoView.swift */,
				C4DC8E122C7DF1C10007FE12 /* LessonCommentView.swift */,
				C4DC8E172C7E00370007FE12 /* LessonCommentFieldView.swift */,
			);
			path = Control;
			sourceTree = "<group>";
		};
		C4DC8E362C8058D90007FE12 /* MyReservation */ = {
			isa = PBXGroup;
			children = (
				C4DC8E392C8058FD0007FE12 /* MyReservationBookmarkView.swift */,
				C4DC8E372C8058F50007FE12 /* MyReservationViewController.swift */,
				C4DC8E3B2C8059040007FE12 /* MyReservationViewModel.swift */,
			);
			path = MyReservation;
			sourceTree = "<group>";
		};
		C4DC8E3D2C805B070007FE12 /* MyBookmark */ = {
			isa = PBXGroup;
			children = (
				C4DC8E402C805B260007FE12 /* MyBookmarkViewController.swift */,
				C4DC8E422C805B470007FE12 /* MyBookmarkViewModel.swift */,
			);
			path = MyBookmark;
			sourceTree = "<group>";
		};
		C4DC8E442C805BF30007FE12 /* MyComment */ = {
			isa = PBXGroup;
			children = (
				C4DC8E452C805BFC0007FE12 /* MyCommentView.swift */,
				C4DC8E472C805C070007FE12 /* MyCommentViewController.swift */,
				C4DC8E492C805C0E0007FE12 /* MyCommentViewModel.swift */,
			);
			path = MyComment;
			sourceTree = "<group>";
		};
		C4DC8E4B2C80B89F0007FE12 /* MyLesson */ = {
			isa = PBXGroup;
			children = (
				C4DC8E4C2C80B8AA0007FE12 /* MyLessonView.swift */,
				C4DC8E4E2C80B8B10007FE12 /* MyLessonViewController.swift */,
				C4DC8E502C80B8B70007FE12 /* MyLessonViewModel.swift */,
			);
			path = MyLesson;
			sourceTree = "<group>";
		};
		C4DC8E522C80C1DF0007FE12 /* LessonEdit */ = {
			isa = PBXGroup;
			children = (
				C4DC8E552C80C1FB0007FE12 /* LessonEditViewController.swift */,
				C4DC8E572C80C2020007FE12 /* LessonEditViewModel.swift */,
			);
			path = LessonEdit;
			sourceTree = "<group>";
		};
		C4DC8E5C2C81B6100007FE12 /* UserDetail */ = {
			isa = PBXGroup;
			children = (
				C4DC8E5D2C81B61F0007FE12 /* UserProfileView.swift */,
				C4DC8E5F2C81B6270007FE12 /* UserProfileViewController.swift */,
				C4DC8E612C81BA0E0007FE12 /* UserProfileViewModel.swift */,
			);
			path = UserDetail;
			sourceTree = "<group>";
		};
		C4DC8E6D2C8213E30007FE12 /* HashTagResult */ = {
			isa = PBXGroup;
			children = (
				C4DC8E792C832D530007FE12 /* HashTagResultLessonViewController.swift */,
				C4DC8E7B2C832D6A0007FE12 /* HashTagResultCommunityViewController.swift */,
				C4DC8E702C821FEF0007FE12 /* HashTagResultViewController.swift */,
				C4DC8E722C8220140007FE12 /* HashTagResultViewModel.swift */,
			);
			path = HashTagResult;
			sourceTree = "<group>";
		};
		C4DC8E7F2C8363B90007FE12 /* Pay */ = {
			isa = PBXGroup;
			children = (
				C4DC8E802C8363CD0007FE12 /* PayValidationBody.swift */,
			);
			path = Pay;
			sourceTree = "<group>";
		};
		C4DC8E882C8373DC0007FE12 /* Payments */ = {
			isa = PBXGroup;
			children = (
				C4DC8E8D2C8381320007FE12 /* PaymentsViewController.swift */,
				C46D05EB2C8DAFF1001EF943 /* PaymentsViewModel.swift */,
			);
			path = Payments;
			sourceTree = "<group>";
		};
		C4DC8ECD2C86C9F00007FE12 /* Pay */ = {
			isa = PBXGroup;
			children = (
				C4DC8ECE2C86CA0B0007FE12 /* PayValidationResponse.swift */,
				C46D05ED2C8DB7A8001EF943 /* MyPaymentsResponse.swift */,
			);
			path = Pay;
			sourceTree = "<group>";
		};
/* End PBXGroup section */

/* Begin PBXNativeTarget section */
		C48062A62C6DD4BE003FF7EE /* all-for-lesson */ = {
			isa = PBXNativeTarget;
			buildConfigurationList = C48062BB2C6DD4BF003FF7EE /* Build configuration list for PBXNativeTarget "all-for-lesson" */;
			buildPhases = (
				C48062A32C6DD4BE003FF7EE /* Sources */,
				C48062A42C6DD4BE003FF7EE /* Frameworks */,
				C48062A52C6DD4BE003FF7EE /* Resources */,
			);
			buildRules = (
			);
			dependencies = (
			);
			name = "all-for-lesson";
			packageProductDependencies = (
				C48062DB2C6F1282003FF7EE /* SnapKit */,
				C48063052C6F286E003FF7EE /* RxCocoa */,
				C48063072C6F286E003FF7EE /* RxSwift */,
				C48063192C6F2CDF003FF7EE /* TextFieldEffects */,
				C48063342C6F6B79003FF7EE /* Alamofire */,
				C403917E2C7B54B100D50850 /* Toast */,
				C40391832C7B81F100D50850 /* Kingfisher */,
				C4DC8E752C8221860007FE12 /* Tabman */,
				C4DC8E832C836B020007FE12 /* iamport-ios */,
			);
			productName = "all-for-lesson";
			productReference = C48062A72C6DD4BE003FF7EE /* all-for-lesson.app */;
			productType = "com.apple.product-type.application";
		};
/* End PBXNativeTarget section */

/* Begin PBXProject section */
		C480629F2C6DD4BE003FF7EE /* Project object */ = {
			isa = PBXProject;
			attributes = {
				BuildIndependentTargetsInParallel = 1;
				LastSwiftUpdateCheck = 1540;
				LastUpgradeCheck = 1540;
				TargetAttributes = {
					C48062A62C6DD4BE003FF7EE = {
						CreatedOnToolsVersion = 15.4;
					};
				};
			};
			buildConfigurationList = C48062A22C6DD4BE003FF7EE /* Build configuration list for PBXProject "all-for-lesson" */;
			compatibilityVersion = "Xcode 14.0";
			developmentRegion = en;
			hasScannedForEncodings = 0;
			knownRegions = (
				en,
				Base,
			);
			mainGroup = C480629E2C6DD4BE003FF7EE;
			packageReferences = (
				C48062DA2C6F1282003FF7EE /* XCRemoteSwiftPackageReference "SnapKit" */,
				C48063042C6F286E003FF7EE /* XCRemoteSwiftPackageReference "RxSwift" */,
				C48063182C6F2CDF003FF7EE /* XCRemoteSwiftPackageReference "TextFieldEffects" */,
				C48063332C6F6B79003FF7EE /* XCRemoteSwiftPackageReference "Alamofire" */,
				C403917D2C7B54B100D50850 /* XCRemoteSwiftPackageReference "Toast-Swift" */,
				C40391822C7B81F100D50850 /* XCRemoteSwiftPackageReference "Kingfisher" */,
				C4DC8E742C8221860007FE12 /* XCRemoteSwiftPackageReference "Tabman" */,
				C4DC8E822C836B020007FE12 /* XCRemoteSwiftPackageReference "iamport-ios" */,
			);
			productRefGroup = C48062A82C6DD4BE003FF7EE /* Products */;
			projectDirPath = "";
			projectRoot = "";
			targets = (
				C48062A62C6DD4BE003FF7EE /* all-for-lesson */,
			);
		};
/* End PBXProject section */

/* Begin PBXResourcesBuildPhase section */
		C48062A52C6DD4BE003FF7EE /* Resources */ = {
			isa = PBXResourcesBuildPhase;
			buildActionMask = 2147483647;
			files = (
				C48062F92C6F178B003FF7EE /* Pretendard-ExtraLight.otf in Resources */,
				C48062BF2C6DD4FA003FF7EE /* .gitignore in Resources */,
				C48062FC2C6F178B003FF7EE /* Pretendard-ExtraBold.otf in Resources */,
				C48062F42C6F178B003FF7EE /* Pretendard-Light.otf in Resources */,
				C48062F72C6F178B003FF7EE /* Pretendard-Bold.otf in Resources */,
				C48062F52C6F178B003FF7EE /* Pretendard-SemiBold.otf in Resources */,
				C48062F62C6F178B003FF7EE /* Pretendard-Thin.otf in Resources */,
				C48062B42C6DD4BF003FF7EE /* Assets.xcassets in Resources */,
				C48062FA2C6F178B003FF7EE /* Pretendard-Regular.otf in Resources */,
				C48062F82C6F178B003FF7EE /* Pretendard-Black.otf in Resources */,
				C48062B72C6DD4BF003FF7EE /* Base in Resources */,
				C48062FB2C6F178B003FF7EE /* Pretendard-Medium.otf in Resources */,
			);
			runOnlyForDeploymentPostprocessing = 0;
		};
/* End PBXResourcesBuildPhase section */

/* Begin PBXSourcesBuildPhase section */
		C48062A32C6DD4BE003FF7EE /* Sources */ = {
			isa = PBXSourcesBuildPhase;
			buildActionMask = 2147483647;
			files = (
				C4736B632CC3CDF8003AC697 /* CommunityCollectionViewCell.swift in Sources */,
				C40391812C7B54FC00D50850 /* ToastManager.swift in Sources */,
				C46D05EC2C8DAFF1001EF943 /* PaymentsViewModel.swift in Sources */,
				C49447E42C7448C5005AADF7 /* LessonViewModel.swift in Sources */,
				C4DC8E732C8220140007FE12 /* HashTagResultViewModel.swift in Sources */,
				C48062AB2C6DD4BE003FF7EE /* AppDelegate.swift in Sources */,
				C4DC8E1C2C7E07C50007FE12 /* CommentResponse.swift in Sources */,
				C4DC8E6A2C81F9C50007FE12 /* HashTagCollectionViewCell.swift in Sources */,
				C49447E22C7443E7005AADF7 /* HomeViewModel.swift in Sources */,
				C4DC8E7C2C832D6A0007FE12 /* HashTagResultCommunityViewController.swift in Sources */,
				C48062FE2C6F1D25003FF7EE /* UIImage+.swift in Sources */,
				C40391282C75BE9B00D50850 /* MyProfileResponse.swift in Sources */,
				C4DC8E3A2C8058FD0007FE12 /* MyReservationBookmarkView.swift in Sources */,
				C49447962C70D6C4005AADF7 /* LoginResponse.swift in Sources */,
				C4DC8E132C7DF1C10007FE12 /* LessonCommentView.swift in Sources */,
				C49447B52C722BD0005AADF7 /* HomeView.swift in Sources */,
				C46D05EE2C8DB7A8001EF943 /* MyPaymentsResponse.swift in Sources */,
				C403917A2C7A010A00D50850 /* PostFilesResponse.swift in Sources */,
				C477A29C2CCD1C9C006B8DB6 /* CommunityDetailViewModel.swift in Sources */,
				C480632B2C6F5BA4003FF7EE /* StudentJoinViewModel.swift in Sources */,
				C40391592C76EA0000D50850 /* PostRouter.swift in Sources */,
				C48062CB2C6F0FFC003FF7EE /* OnboardingView.swift in Sources */,
				C48063172C6F2C4E003FF7EE /* StudentJoinView.swift in Sources */,
				C4DC8E712C821FEF0007FE12 /* HashTagResultViewController.swift in Sources */,
				C4DC8E412C805B260007FE12 /* MyBookmarkViewController.swift in Sources */,
				C49447AC2C70F593005AADF7 /* MyPageViewController.swift in Sources */,
				C40391372C76363000D50850 /* LessonOpenViewModel.swift in Sources */,
				C4736B6D2CC5168F003AC697 /* CommunityPostViewController.swift in Sources */,
				C4DC8E682C81CF8D0007FE12 /* HashTagQuery.swift in Sources */,
				C48062CD2C6F1029003FF7EE /* OnboardingViewController.swift in Sources */,
				C4DC8E7E2C8361EB0007FE12 /* PayRouter.swift in Sources */,
				C4DC8DF12C7C994B0007FE12 /* ReservationBookmarkBody.swift in Sources */,
				C49447D72C7367FB005AADF7 /* UserTypeButton.swift in Sources */,
				C49447B32C720F77005AADF7 /* LoginViewCase.swift in Sources */,
				C40391652C77812200D50850 /* LoginBody.swift in Sources */,
				C403916C2C77886900D50850 /* NetworkErrorCase.swift in Sources */,
				C49447BE2C723A7E005AADF7 /* BaseCollectionViewCell.swift in Sources */,
				C403917C2C7B4F6E00D50850 /* PostQuery.swift in Sources */,
				C49447E92C74DBE3005AADF7 /* LessonDetailView.swift in Sources */,
				C4DC8E432C805B470007FE12 /* MyBookmarkViewModel.swift in Sources */,
				C480630F2C6F2B23003FF7EE /* LoginViewController.swift in Sources */,
				C4736B692CC51640003AC697 /* CommunityDetailView.swift in Sources */,
				C48062D92C6F11AD003FF7EE /* Reusable.swift in Sources */,
				C4DC8E622C81BA0E0007FE12 /* UserProfileViewModel.swift in Sources */,
				C403916E2C7791A100D50850 /* APIRouter.swift in Sources */,
				C48063112C6F2B7E003FF7EE /* CommonButton.swift in Sources */,
				C4DC8E462C805BFC0007FE12 /* MyCommentView.swift in Sources */,
				C4736B612CC3C5AA003AC697 /* CommunityViewModel.swift in Sources */,
				C48062C12C6DD521003FF7EE /* API.swift in Sources */,
				C49447D12C732EC0005AADF7 /* LessonCollectionViewCell.swift in Sources */,
				C4DC8E512C80B8B70007FE12 /* MyLessonViewModel.swift in Sources */,
				C49447D52C7366EB005AADF7 /* MyPageView.swift in Sources */,
				C4DC8E602C81B6270007FE12 /* UserProfileViewController.swift in Sources */,
				C4736B662CC51612003AC697 /* CommunityPostView.swift in Sources */,
				C4DC8E662C81C1970007FE12 /* HashTagViewModel.swift in Sources */,
				C49447922C70BB02005AADF7 /* HomeViewController.swift in Sources */,
				C4DC8E1E2C7E22A60007FE12 /* LessonCommentCollectionViewCell.swift in Sources */,
				C4DC8E812C8363CD0007FE12 /* PayValidationBody.swift in Sources */,
				C48062D72C6F10FE003FF7EE /* UIView+.swift in Sources */,
				C4DC8E7A2C832D530007FE12 /* HashTagResultLessonViewController.swift in Sources */,
				C494479B2C70E846005AADF7 /* UIViewController+.swift in Sources */,
				C48062AD2C6DD4BE003FF7EE /* SceneDelegate.swift in Sources */,
				C4DC8E5E2C81B61F0007FE12 /* UserProfileView.swift in Sources */,
				C48063402C6F8E11003FF7EE /* TeacherJoinViewController.swift in Sources */,
				C480632D2C6F657C003FF7EE /* NetworkManager.swift in Sources */,
				C49447C32C7249AA005AADF7 /* HomeMenuCollectionViewCell.swift in Sources */,
				C49447BC2C723A6C005AADF7 /* HomeLessonCollectionViewCell.swift in Sources */,
				C40391312C7606E300D50850 /* UIButton+.swift in Sources */,
				C48063212C6F5597003FF7EE /* JoinLabel.swift in Sources */,
				C48062DE2C6F12D0003FF7EE /* BaseView.swift in Sources */,
				C48062E42C6F13C0003FF7EE /* Constant.swift in Sources */,
				C4DC8E8E2C8381320007FE12 /* PaymentsViewController.swift in Sources */,
				C403912D2C75D82300D50850 /* LessonOpenView.swift in Sources */,
				C4DC8ECF2C86CA0B0007FE12 /* PayValidationResponse.swift in Sources */,
				C480630A2C6F2976003FF7EE /* ViewModelType.swift in Sources */,
				C48063392C6F7954003FF7EE /* EmailResponse.swift in Sources */,
				C48063262C6F596F003FF7EE /* TeacherJoinView.swift in Sources */,
				C48062E72C6F13CB003FF7EE /* Resource.swift in Sources */,
				C48063322C6F6AE7003FF7EE /* TargetType.swift in Sources */,
				C4DC8E5B2C81B3E20007FE12 /* UserProfileResponse.swift in Sources */,
				C48062E92C6F14F4003FF7EE /* UIColor+.swift in Sources */,
				C4DC8E152C7DF1FA0007FE12 /* LessonDetailInfoView.swift in Sources */,
				C40391672C77818E00D50850 /* EmailBody.swift in Sources */,
				C4DC8DF52C7CD0750007FE12 /* HomeMenuCase.swift in Sources */,
				C40391622C77808100D50850 /* JoinBody.swift in Sources */,
				C49447EC2C74DBF8005AADF7 /* LessonDetailViewModel.swift in Sources */,
				C49447902C70B5EF005AADF7 /* UserDefaultsManager.swift in Sources */,
				C49447B12C720972005AADF7 /* NavigationManager.swift in Sources */,
				C49447DE2C738085005AADF7 /* WithDrawResponse.swift in Sources */,
				C49447DA2C736BC3005AADF7 /* MyPageMenuButton.swift in Sources */,
				C403912F2C75D82D00D50850 /* LessonOpenViewController.swift in Sources */,
				C480630C2C6F29BA003FF7EE /* OnboardingViewModel.swift in Sources */,
				C4736B5F2CC3BFA0003AC697 /* CommunityView.swift in Sources */,
				C49447942C70CE62005AADF7 /* LoginViewModel.swift in Sources */,
				C49447CF2C732A19005AADF7 /* LessonView.swift in Sources */,
				C48063292C6F5B35003FF7EE /* ValidationManager.swift in Sources */,
				C4DC8E582C80C2020007FE12 /* LessonEditViewModel.swift in Sources */,
				C4DC8E182C7E00370007FE12 /* LessonCommentFieldView.swift in Sources */,
				C48063242C6F55ED003FF7EE /* JoinCase.swift in Sources */,
				C480631E2C6F3013003FF7EE /* JoinTextField.swift in Sources */,
				C49447E72C74AA9A005AADF7 /* PostDummy.swift in Sources */,
				C4DC8E482C805C070007FE12 /* MyCommentViewController.swift in Sources */,
				C48063422C6F8EE2003FF7EE /* TeacherJoinViewModel.swift in Sources */,
				C494479D2C70E8BE005AADF7 /* BarButtonCase.swift in Sources */,
				C49447E02C7380E9005AADF7 /* MyPageViewModel.swift in Sources */,
				C49447A62C70F3B3005AADF7 /* HashTagViewController.swift in Sources */,
				C4DC8E562C80C1FB0007FE12 /* LessonEditViewController.swift in Sources */,
				C4DC8E4A2C805C0E0007FE12 /* MyCommentViewModel.swift in Sources */,
				C4DC8E1A2C7E043B0007FE12 /* PostCommentBody.swift in Sources */,
				C48063442C6F9078003FF7EE /* LoginView.swift in Sources */,
				C49447A02C70EDC9005AADF7 /* CustomTabBarController.swift in Sources */,
				C403912A2C75D4C200D50850 /* UserRouter.swift in Sources */,
				C4DC8E382C8058F50007FE12 /* MyReservationViewController.swift in Sources */,
				C49447EE2C74DBFE005AADF7 /* LessonDetailViewController.swift in Sources */,
				C49447D32C7334A0005AADF7 /* PostResponse.swift in Sources */,
				C4DC8E4F2C80B8B10007FE12 /* MyLessonViewController.swift in Sources */,
				C403915E2C76EE9A00D50850 /* PostBody.swift in Sources */,
				C494478E2C70B4EF005AADF7 /* JoinResponse.swift in Sources */,
				C4DC8E4D2C80B8AA0007FE12 /* MyLessonView.swift in Sources */,
				C4736B6B2CC5165C003AC697 /* CommunityDetailViewController.swift in Sources */,
				C4DC8E3C2C8059040007FE12 /* MyReservationViewModel.swift in Sources */,
				C48063032C6F23DD003FF7EE /* CommonLabel.swift in Sources */,
				C4DC8DF32C7C9C340007FE12 /* ReservationResponse.swift in Sources */,
				C48063012C6F1FCF003FF7EE /* OnboardingTypeButton.swift in Sources */,
				C48063152C6F2C3F003FF7EE /* StudentJoinViewController.swift in Sources */,
				C49447AF2C7206B5005AADF7 /* RefreshTokenResponse.swift in Sources */,
				C4DC8E642C81C1790007FE12 /* HashTagView.swift in Sources */,
				C49447A92C70F4C7005AADF7 /* CommunityViewController.swift in Sources */,
				C49447A32C70F2FE005AADF7 /* LessonViewController.swift in Sources */,
				C48062D12C6F10C5003FF7EE /* BaseViewController.swift in Sources */,
				C403916A2C7784C700D50850 /* PostFilesBody.swift in Sources */,
			);
			runOnlyForDeploymentPostprocessing = 0;
		};
/* End PBXSourcesBuildPhase section */

/* Begin PBXVariantGroup section */
		C48062B52C6DD4BF003FF7EE /* LaunchScreen.storyboard */ = {
			isa = PBXVariantGroup;
			children = (
				C48062B62C6DD4BF003FF7EE /* Base */,
			);
			name = LaunchScreen.storyboard;
			sourceTree = "<group>";
		};
/* End PBXVariantGroup section */

/* Begin XCBuildConfiguration section */
		C48062B92C6DD4BF003FF7EE /* Debug */ = {
			isa = XCBuildConfiguration;
			buildSettings = {
				ALWAYS_SEARCH_USER_PATHS = NO;
				ASSETCATALOG_COMPILER_GENERATE_SWIFT_ASSET_SYMBOL_EXTENSIONS = YES;
				CLANG_ANALYZER_NONNULL = YES;
				CLANG_ANALYZER_NUMBER_OBJECT_CONVERSION = YES_AGGRESSIVE;
				CLANG_CXX_LANGUAGE_STANDARD = "gnu++20";
				CLANG_ENABLE_MODULES = YES;
				CLANG_ENABLE_OBJC_ARC = YES;
				CLANG_ENABLE_OBJC_WEAK = YES;
				CLANG_WARN_BLOCK_CAPTURE_AUTORELEASING = YES;
				CLANG_WARN_BOOL_CONVERSION = YES;
				CLANG_WARN_COMMA = YES;
				CLANG_WARN_CONSTANT_CONVERSION = YES;
				CLANG_WARN_DEPRECATED_OBJC_IMPLEMENTATIONS = YES;
				CLANG_WARN_DIRECT_OBJC_ISA_USAGE = YES_ERROR;
				CLANG_WARN_DOCUMENTATION_COMMENTS = YES;
				CLANG_WARN_EMPTY_BODY = YES;
				CLANG_WARN_ENUM_CONVERSION = YES;
				CLANG_WARN_INFINITE_RECURSION = YES;
				CLANG_WARN_INT_CONVERSION = YES;
				CLANG_WARN_NON_LITERAL_NULL_CONVERSION = YES;
				CLANG_WARN_OBJC_IMPLICIT_RETAIN_SELF = YES;
				CLANG_WARN_OBJC_LITERAL_CONVERSION = YES;
				CLANG_WARN_OBJC_ROOT_CLASS = YES_ERROR;
				CLANG_WARN_QUOTED_INCLUDE_IN_FRAMEWORK_HEADER = YES;
				CLANG_WARN_RANGE_LOOP_ANALYSIS = YES;
				CLANG_WARN_STRICT_PROTOTYPES = YES;
				CLANG_WARN_SUSPICIOUS_MOVE = YES;
				CLANG_WARN_UNGUARDED_AVAILABILITY = YES_AGGRESSIVE;
				CLANG_WARN_UNREACHABLE_CODE = YES;
				CLANG_WARN__DUPLICATE_METHOD_MATCH = YES;
				COPY_PHASE_STRIP = NO;
				DEBUG_INFORMATION_FORMAT = dwarf;
				ENABLE_STRICT_OBJC_MSGSEND = YES;
				ENABLE_TESTABILITY = YES;
				ENABLE_USER_SCRIPT_SANDBOXING = YES;
				GCC_C_LANGUAGE_STANDARD = gnu17;
				GCC_DYNAMIC_NO_PIC = NO;
				GCC_NO_COMMON_BLOCKS = YES;
				GCC_OPTIMIZATION_LEVEL = 0;
				GCC_PREPROCESSOR_DEFINITIONS = (
					"DEBUG=1",
					"$(inherited)",
				);
				GCC_WARN_64_TO_32_BIT_CONVERSION = YES;
				GCC_WARN_ABOUT_RETURN_TYPE = YES_ERROR;
				GCC_WARN_UNDECLARED_SELECTOR = YES;
				GCC_WARN_UNINITIALIZED_AUTOS = YES_AGGRESSIVE;
				GCC_WARN_UNUSED_FUNCTION = YES;
				GCC_WARN_UNUSED_VARIABLE = YES;
				IPHONEOS_DEPLOYMENT_TARGET = 17.5;
				LOCALIZATION_PREFERS_STRING_CATALOGS = YES;
				MTL_ENABLE_DEBUG_INFO = INCLUDE_SOURCE;
				MTL_FAST_MATH = YES;
				ONLY_ACTIVE_ARCH = YES;
				SDKROOT = iphoneos;
				SWIFT_ACTIVE_COMPILATION_CONDITIONS = "DEBUG $(inherited)";
				SWIFT_OPTIMIZATION_LEVEL = "-Onone";
			};
			name = Debug;
		};
		C48062BA2C6DD4BF003FF7EE /* Release */ = {
			isa = XCBuildConfiguration;
			buildSettings = {
				ALWAYS_SEARCH_USER_PATHS = NO;
				ASSETCATALOG_COMPILER_GENERATE_SWIFT_ASSET_SYMBOL_EXTENSIONS = YES;
				CLANG_ANALYZER_NONNULL = YES;
				CLANG_ANALYZER_NUMBER_OBJECT_CONVERSION = YES_AGGRESSIVE;
				CLANG_CXX_LANGUAGE_STANDARD = "gnu++20";
				CLANG_ENABLE_MODULES = YES;
				CLANG_ENABLE_OBJC_ARC = YES;
				CLANG_ENABLE_OBJC_WEAK = YES;
				CLANG_WARN_BLOCK_CAPTURE_AUTORELEASING = YES;
				CLANG_WARN_BOOL_CONVERSION = YES;
				CLANG_WARN_COMMA = YES;
				CLANG_WARN_CONSTANT_CONVERSION = YES;
				CLANG_WARN_DEPRECATED_OBJC_IMPLEMENTATIONS = YES;
				CLANG_WARN_DIRECT_OBJC_ISA_USAGE = YES_ERROR;
				CLANG_WARN_DOCUMENTATION_COMMENTS = YES;
				CLANG_WARN_EMPTY_BODY = YES;
				CLANG_WARN_ENUM_CONVERSION = YES;
				CLANG_WARN_INFINITE_RECURSION = YES;
				CLANG_WARN_INT_CONVERSION = YES;
				CLANG_WARN_NON_LITERAL_NULL_CONVERSION = YES;
				CLANG_WARN_OBJC_IMPLICIT_RETAIN_SELF = YES;
				CLANG_WARN_OBJC_LITERAL_CONVERSION = YES;
				CLANG_WARN_OBJC_ROOT_CLASS = YES_ERROR;
				CLANG_WARN_QUOTED_INCLUDE_IN_FRAMEWORK_HEADER = YES;
				CLANG_WARN_RANGE_LOOP_ANALYSIS = YES;
				CLANG_WARN_STRICT_PROTOTYPES = YES;
				CLANG_WARN_SUSPICIOUS_MOVE = YES;
				CLANG_WARN_UNGUARDED_AVAILABILITY = YES_AGGRESSIVE;
				CLANG_WARN_UNREACHABLE_CODE = YES;
				CLANG_WARN__DUPLICATE_METHOD_MATCH = YES;
				COPY_PHASE_STRIP = NO;
				DEBUG_INFORMATION_FORMAT = "dwarf-with-dsym";
				ENABLE_NS_ASSERTIONS = NO;
				ENABLE_STRICT_OBJC_MSGSEND = YES;
				ENABLE_USER_SCRIPT_SANDBOXING = YES;
				GCC_C_LANGUAGE_STANDARD = gnu17;
				GCC_NO_COMMON_BLOCKS = YES;
				GCC_WARN_64_TO_32_BIT_CONVERSION = YES;
				GCC_WARN_ABOUT_RETURN_TYPE = YES_ERROR;
				GCC_WARN_UNDECLARED_SELECTOR = YES;
				GCC_WARN_UNINITIALIZED_AUTOS = YES_AGGRESSIVE;
				GCC_WARN_UNUSED_FUNCTION = YES;
				GCC_WARN_UNUSED_VARIABLE = YES;
				IPHONEOS_DEPLOYMENT_TARGET = 17.5;
				LOCALIZATION_PREFERS_STRING_CATALOGS = YES;
				MTL_ENABLE_DEBUG_INFO = NO;
				MTL_FAST_MATH = YES;
				SDKROOT = iphoneos;
				SWIFT_COMPILATION_MODE = wholemodule;
				VALIDATE_PRODUCT = YES;
			};
			name = Release;
		};
		C48062BC2C6DD4BF003FF7EE /* Debug */ = {
			isa = XCBuildConfiguration;
			buildSettings = {
				ASSETCATALOG_COMPILER_APPICON_NAME = AppIcon;
				ASSETCATALOG_COMPILER_GLOBAL_ACCENT_COLOR_NAME = AccentColor;
				CODE_SIGN_STYLE = Automatic;
				CURRENT_PROJECT_VERSION = 1;
				DEVELOPMENT_TEAM = 95Z2W8U6PK;
				GENERATE_INFOPLIST_FILE = YES;
				INFOPLIST_FILE = "all-for-lesson/Info.plist";
				INFOPLIST_KEY_CFBundleDisplayName = "올포레슨";
				INFOPLIST_KEY_UIApplicationSupportsIndirectInputEvents = YES;
				INFOPLIST_KEY_UILaunchStoryboardName = LaunchScreen;
				INFOPLIST_KEY_UISupportedInterfaceOrientations = UIInterfaceOrientationPortrait;
				INFOPLIST_KEY_UISupportedInterfaceOrientations_iPad = "UIInterfaceOrientationLandscapeLeft UIInterfaceOrientationLandscapeRight UIInterfaceOrientationPortrait UIInterfaceOrientationPortraitUpsideDown";
				INFOPLIST_KEY_UIUserInterfaceStyle = Light;
				IPHONEOS_DEPLOYMENT_TARGET = 15.0;
				LD_RUNPATH_SEARCH_PATHS = (
					"$(inherited)",
					"@executable_path/Frameworks",
				);
				MARKETING_VERSION = 1.0;
				PRODUCT_BUNDLE_IDENTIFIER = "com.junehee.all-for-lesson";
				PRODUCT_NAME = "$(TARGET_NAME)";
				SUPPORTED_PLATFORMS = "iphoneos iphonesimulator";
				SUPPORTS_MACCATALYST = NO;
				SUPPORTS_MAC_DESIGNED_FOR_IPHONE_IPAD = NO;
				SUPPORTS_XR_DESIGNED_FOR_IPHONE_IPAD = NO;
				SWIFT_EMIT_LOC_STRINGS = YES;
				SWIFT_VERSION = 5.0;
				TARGETED_DEVICE_FAMILY = 1;
			};
			name = Debug;
		};
		C48062BD2C6DD4BF003FF7EE /* Release */ = {
			isa = XCBuildConfiguration;
			buildSettings = {
				ASSETCATALOG_COMPILER_APPICON_NAME = AppIcon;
				ASSETCATALOG_COMPILER_GLOBAL_ACCENT_COLOR_NAME = AccentColor;
				CODE_SIGN_STYLE = Automatic;
				CURRENT_PROJECT_VERSION = 1;
				DEVELOPMENT_TEAM = 95Z2W8U6PK;
				GENERATE_INFOPLIST_FILE = YES;
				INFOPLIST_FILE = "all-for-lesson/Info.plist";
				INFOPLIST_KEY_CFBundleDisplayName = "올포레슨";
				INFOPLIST_KEY_UIApplicationSupportsIndirectInputEvents = YES;
				INFOPLIST_KEY_UILaunchStoryboardName = LaunchScreen;
				INFOPLIST_KEY_UISupportedInterfaceOrientations = UIInterfaceOrientationPortrait;
				INFOPLIST_KEY_UISupportedInterfaceOrientations_iPad = "UIInterfaceOrientationLandscapeLeft UIInterfaceOrientationLandscapeRight UIInterfaceOrientationPortrait UIInterfaceOrientationPortraitUpsideDown";
				INFOPLIST_KEY_UIUserInterfaceStyle = Light;
				IPHONEOS_DEPLOYMENT_TARGET = 15.0;
				LD_RUNPATH_SEARCH_PATHS = (
					"$(inherited)",
					"@executable_path/Frameworks",
				);
				MARKETING_VERSION = 1.0;
				PRODUCT_BUNDLE_IDENTIFIER = "com.junehee.all-for-lesson";
				PRODUCT_NAME = "$(TARGET_NAME)";
				SUPPORTED_PLATFORMS = "iphoneos iphonesimulator";
				SUPPORTS_MACCATALYST = NO;
				SUPPORTS_MAC_DESIGNED_FOR_IPHONE_IPAD = NO;
				SUPPORTS_XR_DESIGNED_FOR_IPHONE_IPAD = NO;
				SWIFT_EMIT_LOC_STRINGS = YES;
				SWIFT_VERSION = 5.0;
				TARGETED_DEVICE_FAMILY = 1;
			};
			name = Release;
		};
/* End XCBuildConfiguration section */

/* Begin XCConfigurationList section */
		C48062A22C6DD4BE003FF7EE /* Build configuration list for PBXProject "all-for-lesson" */ = {
			isa = XCConfigurationList;
			buildConfigurations = (
				C48062B92C6DD4BF003FF7EE /* Debug */,
				C48062BA2C6DD4BF003FF7EE /* Release */,
			);
			defaultConfigurationIsVisible = 0;
			defaultConfigurationName = Release;
		};
		C48062BB2C6DD4BF003FF7EE /* Build configuration list for PBXNativeTarget "all-for-lesson" */ = {
			isa = XCConfigurationList;
			buildConfigurations = (
				C48062BC2C6DD4BF003FF7EE /* Debug */,
				C48062BD2C6DD4BF003FF7EE /* Release */,
			);
			defaultConfigurationIsVisible = 0;
			defaultConfigurationName = Release;
		};
/* End XCConfigurationList section */

/* Begin XCRemoteSwiftPackageReference section */
		C403917D2C7B54B100D50850 /* XCRemoteSwiftPackageReference "Toast-Swift" */ = {
			isa = XCRemoteSwiftPackageReference;
			repositoryURL = "https://github.com/scalessec/Toast-Swift.git";
			requirement = {
				kind = upToNextMajorVersion;
				minimumVersion = 5.1.1;
			};
		};
		C40391822C7B81F100D50850 /* XCRemoteSwiftPackageReference "Kingfisher" */ = {
			isa = XCRemoteSwiftPackageReference;
			repositoryURL = "https://github.com/onevcat/Kingfisher";
			requirement = {
				kind = upToNextMajorVersion;
				minimumVersion = 7.12.0;
			};
		};
		C48062DA2C6F1282003FF7EE /* XCRemoteSwiftPackageReference "SnapKit" */ = {
			isa = XCRemoteSwiftPackageReference;
			repositoryURL = "https://github.com/SnapKit/SnapKit.git";
			requirement = {
				kind = upToNextMajorVersion;
				minimumVersion = 5.7.1;
			};
		};
		C48063042C6F286E003FF7EE /* XCRemoteSwiftPackageReference "RxSwift" */ = {
			isa = XCRemoteSwiftPackageReference;
			repositoryURL = "https://github.com/ReactiveX/RxSwift";
			requirement = {
				kind = upToNextMajorVersion;
				minimumVersion = 6.7.1;
			};
		};
		C48063182C6F2CDF003FF7EE /* XCRemoteSwiftPackageReference "TextFieldEffects" */ = {
			isa = XCRemoteSwiftPackageReference;
			repositoryURL = "https://github.com/raulriera/TextFieldEffects.git";
			requirement = {
				kind = upToNextMajorVersion;
				minimumVersion = 1.7.0;
			};
		};
		C48063332C6F6B79003FF7EE /* XCRemoteSwiftPackageReference "Alamofire" */ = {
			isa = XCRemoteSwiftPackageReference;
			repositoryURL = "https://github.com/Alamofire/Alamofire";
			requirement = {
				kind = upToNextMajorVersion;
				minimumVersion = 5.9.1;
			};
		};
		C4DC8E742C8221860007FE12 /* XCRemoteSwiftPackageReference "Tabman" */ = {
			isa = XCRemoteSwiftPackageReference;
			repositoryURL = "https://github.com/uias/Tabman.git";
			requirement = {
				kind = upToNextMajorVersion;
				minimumVersion = 3.2.0;
			};
		};
		C4DC8E822C836B020007FE12 /* XCRemoteSwiftPackageReference "iamport-ios" */ = {
			isa = XCRemoteSwiftPackageReference;
			repositoryURL = "https://github.com/iamport/iamport-ios.git";
			requirement = {
				kind = upToNextMajorVersion;
				minimumVersion = 1.4.2;
			};
		};
/* End XCRemoteSwiftPackageReference section */

/* Begin XCSwiftPackageProductDependency section */
		C403917E2C7B54B100D50850 /* Toast */ = {
			isa = XCSwiftPackageProductDependency;
			package = C403917D2C7B54B100D50850 /* XCRemoteSwiftPackageReference "Toast-Swift" */;
			productName = Toast;
		};
		C40391832C7B81F100D50850 /* Kingfisher */ = {
			isa = XCSwiftPackageProductDependency;
			package = C40391822C7B81F100D50850 /* XCRemoteSwiftPackageReference "Kingfisher" */;
			productName = Kingfisher;
		};
		C48062DB2C6F1282003FF7EE /* SnapKit */ = {
			isa = XCSwiftPackageProductDependency;
			package = C48062DA2C6F1282003FF7EE /* XCRemoteSwiftPackageReference "SnapKit" */;
			productName = SnapKit;
		};
		C48063052C6F286E003FF7EE /* RxCocoa */ = {
			isa = XCSwiftPackageProductDependency;
			package = C48063042C6F286E003FF7EE /* XCRemoteSwiftPackageReference "RxSwift" */;
			productName = RxCocoa;
		};
		C48063072C6F286E003FF7EE /* RxSwift */ = {
			isa = XCSwiftPackageProductDependency;
			package = C48063042C6F286E003FF7EE /* XCRemoteSwiftPackageReference "RxSwift" */;
			productName = RxSwift;
		};
		C48063192C6F2CDF003FF7EE /* TextFieldEffects */ = {
			isa = XCSwiftPackageProductDependency;
			package = C48063182C6F2CDF003FF7EE /* XCRemoteSwiftPackageReference "TextFieldEffects" */;
			productName = TextFieldEffects;
		};
		C48063342C6F6B79003FF7EE /* Alamofire */ = {
			isa = XCSwiftPackageProductDependency;
			package = C48063332C6F6B79003FF7EE /* XCRemoteSwiftPackageReference "Alamofire" */;
			productName = Alamofire;
		};
		C4DC8E752C8221860007FE12 /* Tabman */ = {
			isa = XCSwiftPackageProductDependency;
			package = C4DC8E742C8221860007FE12 /* XCRemoteSwiftPackageReference "Tabman" */;
			productName = Tabman;
		};
		C4DC8E832C836B020007FE12 /* iamport-ios */ = {
			isa = XCSwiftPackageProductDependency;
			package = C4DC8E822C836B020007FE12 /* XCRemoteSwiftPackageReference "iamport-ios" */;
			productName = "iamport-ios";
		};
/* End XCSwiftPackageProductDependency section */
	};
	rootObject = C480629F2C6DD4BE003FF7EE /* Project object */;
}
